
Microsoft Visual Studio Solution File, Format Version 12.00
# Visual Studio Version 17
VisualStudioVersion = 17.7.34202.233
MinimumVisualStudioVersion = 10.0.40219.1
Project("{9A19103F-16F7-4668-BE54-9A1E7A4F7556}") = "Oleander.Assembly.Versioning", "src\Oleander.Assembly.Versioning\Oleander.Assembly.Versioning.csproj", "{6A918191-B9EE-4E28-B5EB-BC2BABC0F805}"
EndProject
Project("{2150E333-8FDC-42A3-9474-1A3956D46DE8}") = "src", "src", "{ECFCB198-E60A-40B1-B605-0EBD7EA2F3DD}"
EndProject
Project("{2150E333-8FDC-42A3-9474-1A3956D46DE8}") = "tests", "tests", "{B54A414D-0042-4945-A9B2-D4BA5FD8F13F}"
EndProject
Project("{9A19103F-16F7-4668-BE54-9A1E7A4F7556}") = "Oleander.Assembly.Versioning.Tests", "tests\Oleander.Assembly.Versioning.Tests\Oleander.Assembly.Versioning.Tests.csproj", "{44E02EEA-1DC4-403E-BD85-522E6552B6C4}"
EndProject
Project("{9A19103F-16F7-4668-BE54-9A1E7A4F7556}") = "Oleander.Assembly.Comparator", "src\Oleander.Assembly.Comparator\Oleander.Assembly.Comparator.csproj", "{5A1575B4-9F48-45D4-A8BD-F91B4203C92F}"
EndProject
Project("{FAE04EC0-301F-11D3-BF4B-00C04F79EFBC}") = "JustAssembly.Core", "src\JustAssembly.Core\JustAssembly.Core.csproj", "{C83612CD-AD42-4655-98A1-336CE7A65012}"
EndProject
Global
	GlobalSection(SolutionConfigurationPlatforms) = preSolution
		.NET 3.5 Debug|Any CPU = .NET 3.5 Debug|Any CPU
		.NET 3.5 Release Server EngineOnly|Any CPU = .NET 3.5 Release Server EngineOnly|Any CPU
		Debug .NET 3.5|Any CPU = Debug .NET 3.5|Any CPU
		Debug EngineOnly|Any CPU = Debug EngineOnly|Any CPU
		Debug JustAssembly|Any CPU = Debug JustAssembly|Any CPU
		Debug|Any CPU = Debug|Any CPU
		net_2_0_Debug|Any CPU = net_2_0_Debug|Any CPU
		net_2_0_Release|Any CPU = net_2_0_Release|Any CPU
		net_3_5_Debug|Any CPU = net_3_5_Debug|Any CPU
		net_3_5_Release|Any CPU = net_3_5_Release|Any CPU
		net_3_5_ReleaseServer|Any CPU = net_3_5_ReleaseServer|Any CPU
		net_4_0_Debug|Any CPU = net_4_0_Debug|Any CPU
		net_4_0_Release|Any CPU = net_4_0_Release|Any CPU
		net_4_5_Debug|Any CPU = net_4_5_Debug|Any CPU
		net_4_5_Release|Any CPU = net_4_5_Release|Any CPU
		NET3.5 Release Server EngineOnly|Any CPU = NET3.5 Release Server EngineOnly|Any CPU
		Release EngineOnly|Any CPU = Release EngineOnly|Any CPU
		Release JustAssembly|Any CPU = Release JustAssembly|Any CPU
		Release Server EngineOnly|Any CPU = Release Server EngineOnly|Any CPU
		Release Server JustAssembly|Any CPU = Release Server JustAssembly|Any CPU
		Release Server|Any CPU = Release Server|Any CPU
		Release|Any CPU = Release|Any CPU
		silverlight_Debug|Any CPU = silverlight_Debug|Any CPU
		silverlight_Release|Any CPU = silverlight_Release|Any CPU
		Telerik Release Build|Any CPU = Telerik Release Build|Any CPU
		winphone_Debug|Any CPU = winphone_Debug|Any CPU
		winphone_Release|Any CPU = winphone_Release|Any CPU
	EndGlobalSection
	GlobalSection(ProjectConfigurationPlatforms) = postSolution
		{6A918191-B9EE-4E28-B5EB-BC2BABC0F805}..NET 3.5 Debug|Any CPU.ActiveCfg = Debug|Any CPU
		{6A918191-B9EE-4E28-B5EB-BC2BABC0F805}..NET 3.5 Debug|Any CPU.Build.0 = Debug|Any CPU
		{6A918191-B9EE-4E28-B5EB-BC2BABC0F805}..NET 3.5 Release Server EngineOnly|Any CPU.ActiveCfg = Release|Any CPU
		{6A918191-B9EE-4E28-B5EB-BC2BABC0F805}..NET 3.5 Release Server EngineOnly|Any CPU.Build.0 = Release|Any CPU
		{6A918191-B9EE-4E28-B5EB-BC2BABC0F805}.Debug .NET 3.5|Any CPU.ActiveCfg = Debug|Any CPU
		{6A918191-B9EE-4E28-B5EB-BC2BABC0F805}.Debug .NET 3.5|Any CPU.Build.0 = Debug|Any CPU
		{6A918191-B9EE-4E28-B5EB-BC2BABC0F805}.Debug EngineOnly|Any CPU.ActiveCfg = Debug|Any CPU
		{6A918191-B9EE-4E28-B5EB-BC2BABC0F805}.Debug EngineOnly|Any CPU.Build.0 = Debug|Any CPU
		{6A918191-B9EE-4E28-B5EB-BC2BABC0F805}.Debug JustAssembly|Any CPU.ActiveCfg = Debug|Any CPU
		{6A918191-B9EE-4E28-B5EB-BC2BABC0F805}.Debug JustAssembly|Any CPU.Build.0 = Debug|Any CPU
		{6A918191-B9EE-4E28-B5EB-BC2BABC0F805}.Debug|Any CPU.ActiveCfg = Debug|Any CPU
		{6A918191-B9EE-4E28-B5EB-BC2BABC0F805}.Debug|Any CPU.Build.0 = Debug|Any CPU
		{6A918191-B9EE-4E28-B5EB-BC2BABC0F805}.net_2_0_Debug|Any CPU.ActiveCfg = Debug|Any CPU
		{6A918191-B9EE-4E28-B5EB-BC2BABC0F805}.net_2_0_Debug|Any CPU.Build.0 = Debug|Any CPU
		{6A918191-B9EE-4E28-B5EB-BC2BABC0F805}.net_2_0_Release|Any CPU.ActiveCfg = Release|Any CPU
		{6A918191-B9EE-4E28-B5EB-BC2BABC0F805}.net_2_0_Release|Any CPU.Build.0 = Release|Any CPU
		{6A918191-B9EE-4E28-B5EB-BC2BABC0F805}.net_3_5_Debug|Any CPU.ActiveCfg = Debug|Any CPU
		{6A918191-B9EE-4E28-B5EB-BC2BABC0F805}.net_3_5_Debug|Any CPU.Build.0 = Debug|Any CPU
		{6A918191-B9EE-4E28-B5EB-BC2BABC0F805}.net_3_5_Release|Any CPU.ActiveCfg = Release|Any CPU
		{6A918191-B9EE-4E28-B5EB-BC2BABC0F805}.net_3_5_Release|Any CPU.Build.0 = Release|Any CPU
		{6A918191-B9EE-4E28-B5EB-BC2BABC0F805}.net_3_5_ReleaseServer|Any CPU.ActiveCfg = Release|Any CPU
		{6A918191-B9EE-4E28-B5EB-BC2BABC0F805}.net_3_5_ReleaseServer|Any CPU.Build.0 = Release|Any CPU
		{6A918191-B9EE-4E28-B5EB-BC2BABC0F805}.net_4_0_Debug|Any CPU.ActiveCfg = Debug|Any CPU
		{6A918191-B9EE-4E28-B5EB-BC2BABC0F805}.net_4_0_Debug|Any CPU.Build.0 = Debug|Any CPU
		{6A918191-B9EE-4E28-B5EB-BC2BABC0F805}.net_4_0_Release|Any CPU.ActiveCfg = Release|Any CPU
		{6A918191-B9EE-4E28-B5EB-BC2BABC0F805}.net_4_0_Release|Any CPU.Build.0 = Release|Any CPU
		{6A918191-B9EE-4E28-B5EB-BC2BABC0F805}.net_4_5_Debug|Any CPU.ActiveCfg = Debug|Any CPU
		{6A918191-B9EE-4E28-B5EB-BC2BABC0F805}.net_4_5_Debug|Any CPU.Build.0 = Debug|Any CPU
		{6A918191-B9EE-4E28-B5EB-BC2BABC0F805}.net_4_5_Release|Any CPU.ActiveCfg = Release|Any CPU
		{6A918191-B9EE-4E28-B5EB-BC2BABC0F805}.net_4_5_Release|Any CPU.Build.0 = Release|Any CPU
		{6A918191-B9EE-4E28-B5EB-BC2BABC0F805}.NET3.5 Release Server EngineOnly|Any CPU.ActiveCfg = Release|Any CPU
		{6A918191-B9EE-4E28-B5EB-BC2BABC0F805}.NET3.5 Release Server EngineOnly|Any CPU.Build.0 = Release|Any CPU
		{6A918191-B9EE-4E28-B5EB-BC2BABC0F805}.Release EngineOnly|Any CPU.ActiveCfg = Release|Any CPU
		{6A918191-B9EE-4E28-B5EB-BC2BABC0F805}.Release EngineOnly|Any CPU.Build.0 = Release|Any CPU
		{6A918191-B9EE-4E28-B5EB-BC2BABC0F805}.Release JustAssembly|Any CPU.ActiveCfg = Release|Any CPU
		{6A918191-B9EE-4E28-B5EB-BC2BABC0F805}.Release JustAssembly|Any CPU.Build.0 = Release|Any CPU
		{6A918191-B9EE-4E28-B5EB-BC2BABC0F805}.Release Server EngineOnly|Any CPU.ActiveCfg = Release|Any CPU
		{6A918191-B9EE-4E28-B5EB-BC2BABC0F805}.Release Server EngineOnly|Any CPU.Build.0 = Release|Any CPU
		{6A918191-B9EE-4E28-B5EB-BC2BABC0F805}.Release Server JustAssembly|Any CPU.ActiveCfg = Release|Any CPU
		{6A918191-B9EE-4E28-B5EB-BC2BABC0F805}.Release Server JustAssembly|Any CPU.Build.0 = Release|Any CPU
		{6A918191-B9EE-4E28-B5EB-BC2BABC0F805}.Release Server|Any CPU.ActiveCfg = Release|Any CPU
		{6A918191-B9EE-4E28-B5EB-BC2BABC0F805}.Release Server|Any CPU.Build.0 = Release|Any CPU
		{6A918191-B9EE-4E28-B5EB-BC2BABC0F805}.Release|Any CPU.ActiveCfg = Release|Any CPU
		{6A918191-B9EE-4E28-B5EB-BC2BABC0F805}.Release|Any CPU.Build.0 = Release|Any CPU
		{6A918191-B9EE-4E28-B5EB-BC2BABC0F805}.silverlight_Debug|Any CPU.ActiveCfg = Debug|Any CPU
		{6A918191-B9EE-4E28-B5EB-BC2BABC0F805}.silverlight_Debug|Any CPU.Build.0 = Debug|Any CPU
		{6A918191-B9EE-4E28-B5EB-BC2BABC0F805}.silverlight_Release|Any CPU.ActiveCfg = Release|Any CPU
		{6A918191-B9EE-4E28-B5EB-BC2BABC0F805}.silverlight_Release|Any CPU.Build.0 = Release|Any CPU
		{6A918191-B9EE-4E28-B5EB-BC2BABC0F805}.Telerik Release Build|Any CPU.ActiveCfg = Release|Any CPU
		{6A918191-B9EE-4E28-B5EB-BC2BABC0F805}.Telerik Release Build|Any CPU.Build.0 = Release|Any CPU
		{6A918191-B9EE-4E28-B5EB-BC2BABC0F805}.winphone_Debug|Any CPU.ActiveCfg = Debug|Any CPU
		{6A918191-B9EE-4E28-B5EB-BC2BABC0F805}.winphone_Debug|Any CPU.Build.0 = Debug|Any CPU
		{6A918191-B9EE-4E28-B5EB-BC2BABC0F805}.winphone_Release|Any CPU.ActiveCfg = Release|Any CPU
		{6A918191-B9EE-4E28-B5EB-BC2BABC0F805}.winphone_Release|Any CPU.Build.0 = Release|Any CPU
		{44E02EEA-1DC4-403E-BD85-522E6552B6C4}..NET 3.5 Debug|Any CPU.ActiveCfg = Debug|Any CPU
		{44E02EEA-1DC4-403E-BD85-522E6552B6C4}..NET 3.5 Debug|Any CPU.Build.0 = Debug|Any CPU
		{44E02EEA-1DC4-403E-BD85-522E6552B6C4}..NET 3.5 Release Server EngineOnly|Any CPU.ActiveCfg = Release|Any CPU
		{44E02EEA-1DC4-403E-BD85-522E6552B6C4}..NET 3.5 Release Server EngineOnly|Any CPU.Build.0 = Release|Any CPU
		{44E02EEA-1DC4-403E-BD85-522E6552B6C4}.Debug .NET 3.5|Any CPU.ActiveCfg = Debug|Any CPU
		{44E02EEA-1DC4-403E-BD85-522E6552B6C4}.Debug .NET 3.5|Any CPU.Build.0 = Debug|Any CPU
		{44E02EEA-1DC4-403E-BD85-522E6552B6C4}.Debug EngineOnly|Any CPU.ActiveCfg = Debug|Any CPU
		{44E02EEA-1DC4-403E-BD85-522E6552B6C4}.Debug EngineOnly|Any CPU.Build.0 = Debug|Any CPU
		{44E02EEA-1DC4-403E-BD85-522E6552B6C4}.Debug JustAssembly|Any CPU.ActiveCfg = Debug|Any CPU
		{44E02EEA-1DC4-403E-BD85-522E6552B6C4}.Debug JustAssembly|Any CPU.Build.0 = Debug|Any CPU
		{44E02EEA-1DC4-403E-BD85-522E6552B6C4}.Debug|Any CPU.ActiveCfg = Debug|Any CPU
		{44E02EEA-1DC4-403E-BD85-522E6552B6C4}.Debug|Any CPU.Build.0 = Debug|Any CPU
		{44E02EEA-1DC4-403E-BD85-522E6552B6C4}.net_2_0_Debug|Any CPU.ActiveCfg = Debug|Any CPU
		{44E02EEA-1DC4-403E-BD85-522E6552B6C4}.net_2_0_Debug|Any CPU.Build.0 = Debug|Any CPU
		{44E02EEA-1DC4-403E-BD85-522E6552B6C4}.net_2_0_Release|Any CPU.ActiveCfg = Release|Any CPU
		{44E02EEA-1DC4-403E-BD85-522E6552B6C4}.net_2_0_Release|Any CPU.Build.0 = Release|Any CPU
		{44E02EEA-1DC4-403E-BD85-522E6552B6C4}.net_3_5_Debug|Any CPU.ActiveCfg = Debug|Any CPU
		{44E02EEA-1DC4-403E-BD85-522E6552B6C4}.net_3_5_Debug|Any CPU.Build.0 = Debug|Any CPU
		{44E02EEA-1DC4-403E-BD85-522E6552B6C4}.net_3_5_Release|Any CPU.ActiveCfg = Release|Any CPU
		{44E02EEA-1DC4-403E-BD85-522E6552B6C4}.net_3_5_Release|Any CPU.Build.0 = Release|Any CPU
		{44E02EEA-1DC4-403E-BD85-522E6552B6C4}.net_3_5_ReleaseServer|Any CPU.ActiveCfg = Release|Any CPU
		{44E02EEA-1DC4-403E-BD85-522E6552B6C4}.net_3_5_ReleaseServer|Any CPU.Build.0 = Release|Any CPU
		{44E02EEA-1DC4-403E-BD85-522E6552B6C4}.net_4_0_Debug|Any CPU.ActiveCfg = Debug|Any CPU
		{44E02EEA-1DC4-403E-BD85-522E6552B6C4}.net_4_0_Debug|Any CPU.Build.0 = Debug|Any CPU
		{44E02EEA-1DC4-403E-BD85-522E6552B6C4}.net_4_0_Release|Any CPU.ActiveCfg = Release|Any CPU
		{44E02EEA-1DC4-403E-BD85-522E6552B6C4}.net_4_0_Release|Any CPU.Build.0 = Release|Any CPU
		{44E02EEA-1DC4-403E-BD85-522E6552B6C4}.net_4_5_Debug|Any CPU.ActiveCfg = Debug|Any CPU
		{44E02EEA-1DC4-403E-BD85-522E6552B6C4}.net_4_5_Debug|Any CPU.Build.0 = Debug|Any CPU
		{44E02EEA-1DC4-403E-BD85-522E6552B6C4}.net_4_5_Release|Any CPU.ActiveCfg = Release|Any CPU
		{44E02EEA-1DC4-403E-BD85-522E6552B6C4}.net_4_5_Release|Any CPU.Build.0 = Release|Any CPU
		{44E02EEA-1DC4-403E-BD85-522E6552B6C4}.NET3.5 Release Server EngineOnly|Any CPU.ActiveCfg = Release|Any CPU
		{44E02EEA-1DC4-403E-BD85-522E6552B6C4}.NET3.5 Release Server EngineOnly|Any CPU.Build.0 = Release|Any CPU
		{44E02EEA-1DC4-403E-BD85-522E6552B6C4}.Release EngineOnly|Any CPU.ActiveCfg = Release|Any CPU
		{44E02EEA-1DC4-403E-BD85-522E6552B6C4}.Release EngineOnly|Any CPU.Build.0 = Release|Any CPU
		{44E02EEA-1DC4-403E-BD85-522E6552B6C4}.Release JustAssembly|Any CPU.ActiveCfg = Release|Any CPU
		{44E02EEA-1DC4-403E-BD85-522E6552B6C4}.Release JustAssembly|Any CPU.Build.0 = Release|Any CPU
		{44E02EEA-1DC4-403E-BD85-522E6552B6C4}.Release Server EngineOnly|Any CPU.ActiveCfg = Release|Any CPU
		{44E02EEA-1DC4-403E-BD85-522E6552B6C4}.Release Server EngineOnly|Any CPU.Build.0 = Release|Any CPU
		{44E02EEA-1DC4-403E-BD85-522E6552B6C4}.Release Server JustAssembly|Any CPU.ActiveCfg = Release|Any CPU
		{44E02EEA-1DC4-403E-BD85-522E6552B6C4}.Release Server JustAssembly|Any CPU.Build.0 = Release|Any CPU
		{44E02EEA-1DC4-403E-BD85-522E6552B6C4}.Release Server|Any CPU.ActiveCfg = Release|Any CPU
		{44E02EEA-1DC4-403E-BD85-522E6552B6C4}.Release Server|Any CPU.Build.0 = Release|Any CPU
		{44E02EEA-1DC4-403E-BD85-522E6552B6C4}.Release|Any CPU.ActiveCfg = Release|Any CPU
		{44E02EEA-1DC4-403E-BD85-522E6552B6C4}.Release|Any CPU.Build.0 = Release|Any CPU
		{44E02EEA-1DC4-403E-BD85-522E6552B6C4}.silverlight_Debug|Any CPU.ActiveCfg = Debug|Any CPU
		{44E02EEA-1DC4-403E-BD85-522E6552B6C4}.silverlight_Debug|Any CPU.Build.0 = Debug|Any CPU
		{44E02EEA-1DC4-403E-BD85-522E6552B6C4}.silverlight_Release|Any CPU.ActiveCfg = Release|Any CPU
		{44E02EEA-1DC4-403E-BD85-522E6552B6C4}.silverlight_Release|Any CPU.Build.0 = Release|Any CPU
		{44E02EEA-1DC4-403E-BD85-522E6552B6C4}.Telerik Release Build|Any CPU.ActiveCfg = Release|Any CPU
		{44E02EEA-1DC4-403E-BD85-522E6552B6C4}.Telerik Release Build|Any CPU.Build.0 = Release|Any CPU
		{44E02EEA-1DC4-403E-BD85-522E6552B6C4}.winphone_Debug|Any CPU.ActiveCfg = Debug|Any CPU
		{44E02EEA-1DC4-403E-BD85-522E6552B6C4}.winphone_Debug|Any CPU.Build.0 = Debug|Any CPU
		{44E02EEA-1DC4-403E-BD85-522E6552B6C4}.winphone_Release|Any CPU.ActiveCfg = Release|Any CPU
		{44E02EEA-1DC4-403E-BD85-522E6552B6C4}.winphone_Release|Any CPU.Build.0 = Release|Any CPU
		{5A1575B4-9F48-45D4-A8BD-F91B4203C92F}..NET 3.5 Debug|Any CPU.ActiveCfg = Debug|Any CPU
		{5A1575B4-9F48-45D4-A8BD-F91B4203C92F}..NET 3.5 Debug|Any CPU.Build.0 = Debug|Any CPU
		{5A1575B4-9F48-45D4-A8BD-F91B4203C92F}..NET 3.5 Release Server EngineOnly|Any CPU.ActiveCfg = Release|Any CPU
		{5A1575B4-9F48-45D4-A8BD-F91B4203C92F}..NET 3.5 Release Server EngineOnly|Any CPU.Build.0 = Release|Any CPU
		{5A1575B4-9F48-45D4-A8BD-F91B4203C92F}.Debug .NET 3.5|Any CPU.ActiveCfg = Debug|Any CPU
		{5A1575B4-9F48-45D4-A8BD-F91B4203C92F}.Debug .NET 3.5|Any CPU.Build.0 = Debug|Any CPU
		{5A1575B4-9F48-45D4-A8BD-F91B4203C92F}.Debug EngineOnly|Any CPU.ActiveCfg = Debug|Any CPU
		{5A1575B4-9F48-45D4-A8BD-F91B4203C92F}.Debug EngineOnly|Any CPU.Build.0 = Debug|Any CPU
		{5A1575B4-9F48-45D4-A8BD-F91B4203C92F}.Debug JustAssembly|Any CPU.ActiveCfg = Debug|Any CPU
		{5A1575B4-9F48-45D4-A8BD-F91B4203C92F}.Debug JustAssembly|Any CPU.Build.0 = Debug|Any CPU
		{5A1575B4-9F48-45D4-A8BD-F91B4203C92F}.Debug|Any CPU.ActiveCfg = Debug|Any CPU
		{5A1575B4-9F48-45D4-A8BD-F91B4203C92F}.Debug|Any CPU.Build.0 = Debug|Any CPU
		{5A1575B4-9F48-45D4-A8BD-F91B4203C92F}.net_2_0_Debug|Any CPU.ActiveCfg = Debug|Any CPU
		{5A1575B4-9F48-45D4-A8BD-F91B4203C92F}.net_2_0_Debug|Any CPU.Build.0 = Debug|Any CPU
		{5A1575B4-9F48-45D4-A8BD-F91B4203C92F}.net_2_0_Release|Any CPU.ActiveCfg = Release|Any CPU
		{5A1575B4-9F48-45D4-A8BD-F91B4203C92F}.net_2_0_Release|Any CPU.Build.0 = Release|Any CPU
		{5A1575B4-9F48-45D4-A8BD-F91B4203C92F}.net_3_5_Debug|Any CPU.ActiveCfg = Debug|Any CPU
		{5A1575B4-9F48-45D4-A8BD-F91B4203C92F}.net_3_5_Debug|Any CPU.Build.0 = Debug|Any CPU
		{5A1575B4-9F48-45D4-A8BD-F91B4203C92F}.net_3_5_Release|Any CPU.ActiveCfg = Release|Any CPU
		{5A1575B4-9F48-45D4-A8BD-F91B4203C92F}.net_3_5_Release|Any CPU.Build.0 = Release|Any CPU
		{5A1575B4-9F48-45D4-A8BD-F91B4203C92F}.net_3_5_ReleaseServer|Any CPU.ActiveCfg = Release|Any CPU
		{5A1575B4-9F48-45D4-A8BD-F91B4203C92F}.net_3_5_ReleaseServer|Any CPU.Build.0 = Release|Any CPU
		{5A1575B4-9F48-45D4-A8BD-F91B4203C92F}.net_4_0_Debug|Any CPU.ActiveCfg = Debug|Any CPU
		{5A1575B4-9F48-45D4-A8BD-F91B4203C92F}.net_4_0_Debug|Any CPU.Build.0 = Debug|Any CPU
		{5A1575B4-9F48-45D4-A8BD-F91B4203C92F}.net_4_0_Release|Any CPU.ActiveCfg = Release|Any CPU
		{5A1575B4-9F48-45D4-A8BD-F91B4203C92F}.net_4_0_Release|Any CPU.Build.0 = Release|Any CPU
		{5A1575B4-9F48-45D4-A8BD-F91B4203C92F}.net_4_5_Debug|Any CPU.ActiveCfg = Debug|Any CPU
		{5A1575B4-9F48-45D4-A8BD-F91B4203C92F}.net_4_5_Debug|Any CPU.Build.0 = Debug|Any CPU
		{5A1575B4-9F48-45D4-A8BD-F91B4203C92F}.net_4_5_Release|Any CPU.ActiveCfg = Release|Any CPU
		{5A1575B4-9F48-45D4-A8BD-F91B4203C92F}.net_4_5_Release|Any CPU.Build.0 = Release|Any CPU
		{5A1575B4-9F48-45D4-A8BD-F91B4203C92F}.NET3.5 Release Server EngineOnly|Any CPU.ActiveCfg = Release|Any CPU
		{5A1575B4-9F48-45D4-A8BD-F91B4203C92F}.NET3.5 Release Server EngineOnly|Any CPU.Build.0 = Release|Any CPU
		{5A1575B4-9F48-45D4-A8BD-F91B4203C92F}.Release EngineOnly|Any CPU.ActiveCfg = Release|Any CPU
		{5A1575B4-9F48-45D4-A8BD-F91B4203C92F}.Release EngineOnly|Any CPU.Build.0 = Release|Any CPU
		{5A1575B4-9F48-45D4-A8BD-F91B4203C92F}.Release JustAssembly|Any CPU.ActiveCfg = Release|Any CPU
		{5A1575B4-9F48-45D4-A8BD-F91B4203C92F}.Release JustAssembly|Any CPU.Build.0 = Release|Any CPU
		{5A1575B4-9F48-45D4-A8BD-F91B4203C92F}.Release Server EngineOnly|Any CPU.ActiveCfg = Release|Any CPU
		{5A1575B4-9F48-45D4-A8BD-F91B4203C92F}.Release Server EngineOnly|Any CPU.Build.0 = Release|Any CPU
		{5A1575B4-9F48-45D4-A8BD-F91B4203C92F}.Release Server JustAssembly|Any CPU.ActiveCfg = Release|Any CPU
		{5A1575B4-9F48-45D4-A8BD-F91B4203C92F}.Release Server JustAssembly|Any CPU.Build.0 = Release|Any CPU
		{5A1575B4-9F48-45D4-A8BD-F91B4203C92F}.Release Server|Any CPU.ActiveCfg = Release|Any CPU
		{5A1575B4-9F48-45D4-A8BD-F91B4203C92F}.Release Server|Any CPU.Build.0 = Release|Any CPU
		{5A1575B4-9F48-45D4-A8BD-F91B4203C92F}.Release|Any CPU.ActiveCfg = Release|Any CPU
		{5A1575B4-9F48-45D4-A8BD-F91B4203C92F}.Release|Any CPU.Build.0 = Release|Any CPU
		{5A1575B4-9F48-45D4-A8BD-F91B4203C92F}.silverlight_Debug|Any CPU.ActiveCfg = Debug|Any CPU
		{5A1575B4-9F48-45D4-A8BD-F91B4203C92F}.silverlight_Debug|Any CPU.Build.0 = Debug|Any CPU
		{5A1575B4-9F48-45D4-A8BD-F91B4203C92F}.silverlight_Release|Any CPU.ActiveCfg = Release|Any CPU
		{5A1575B4-9F48-45D4-A8BD-F91B4203C92F}.silverlight_Release|Any CPU.Build.0 = Release|Any CPU
		{5A1575B4-9F48-45D4-A8BD-F91B4203C92F}.Telerik Release Build|Any CPU.ActiveCfg = Release|Any CPU
		{5A1575B4-9F48-45D4-A8BD-F91B4203C92F}.Telerik Release Build|Any CPU.Build.0 = Release|Any CPU
		{5A1575B4-9F48-45D4-A8BD-F91B4203C92F}.winphone_Debug|Any CPU.ActiveCfg = Debug|Any CPU
		{5A1575B4-9F48-45D4-A8BD-F91B4203C92F}.winphone_Debug|Any CPU.Build.0 = Debug|Any CPU
		{5A1575B4-9F48-45D4-A8BD-F91B4203C92F}.winphone_Release|Any CPU.ActiveCfg = Release|Any CPU
		{5A1575B4-9F48-45D4-A8BD-F91B4203C92F}.winphone_Release|Any CPU.Build.0 = Release|Any CPU
		{C83612CD-AD42-4655-98A1-336CE7A65012}..NET 3.5 Debug|Any CPU.ActiveCfg = Debug|Any CPU
		{C83612CD-AD42-4655-98A1-336CE7A65012}..NET 3.5 Debug|Any CPU.Build.0 = Debug|Any CPU
		{C83612CD-AD42-4655-98A1-336CE7A65012}..NET 3.5 Release Server EngineOnly|Any CPU.ActiveCfg = Release|Any CPU
		{C83612CD-AD42-4655-98A1-336CE7A65012}..NET 3.5 Release Server EngineOnly|Any CPU.Build.0 = Release|Any CPU
		{C83612CD-AD42-4655-98A1-336CE7A65012}.Debug .NET 3.5|Any CPU.ActiveCfg = Debug|Any CPU
		{C83612CD-AD42-4655-98A1-336CE7A65012}.Debug .NET 3.5|Any CPU.Build.0 = Debug|Any CPU
		{C83612CD-AD42-4655-98A1-336CE7A65012}.Debug EngineOnly|Any CPU.ActiveCfg = Debug|Any CPU
		{C83612CD-AD42-4655-98A1-336CE7A65012}.Debug EngineOnly|Any CPU.Build.0 = Debug|Any CPU
		{C83612CD-AD42-4655-98A1-336CE7A65012}.Debug JustAssembly|Any CPU.ActiveCfg = Debug|Any CPU
		{C83612CD-AD42-4655-98A1-336CE7A65012}.Debug JustAssembly|Any CPU.Build.0 = Debug|Any CPU
		{C83612CD-AD42-4655-98A1-336CE7A65012}.Debug|Any CPU.ActiveCfg = Debug|Any CPU
		{C83612CD-AD42-4655-98A1-336CE7A65012}.Debug|Any CPU.Build.0 = Debug|Any CPU
		{C83612CD-AD42-4655-98A1-336CE7A65012}.net_2_0_Debug|Any CPU.ActiveCfg = Debug|Any CPU
		{C83612CD-AD42-4655-98A1-336CE7A65012}.net_2_0_Debug|Any CPU.Build.0 = Debug|Any CPU
		{C83612CD-AD42-4655-98A1-336CE7A65012}.net_2_0_Release|Any CPU.ActiveCfg = Release|Any CPU
		{C83612CD-AD42-4655-98A1-336CE7A65012}.net_2_0_Release|Any CPU.Build.0 = Release|Any CPU
		{C83612CD-AD42-4655-98A1-336CE7A65012}.net_3_5_Debug|Any CPU.ActiveCfg = Debug|Any CPU
		{C83612CD-AD42-4655-98A1-336CE7A65012}.net_3_5_Debug|Any CPU.Build.0 = Debug|Any CPU
		{C83612CD-AD42-4655-98A1-336CE7A65012}.net_3_5_Release|Any CPU.ActiveCfg = Release|Any CPU
		{C83612CD-AD42-4655-98A1-336CE7A65012}.net_3_5_Release|Any CPU.Build.0 = Release|Any CPU
		{C83612CD-AD42-4655-98A1-336CE7A65012}.net_3_5_ReleaseServer|Any CPU.ActiveCfg = Release|Any CPU
		{C83612CD-AD42-4655-98A1-336CE7A65012}.net_3_5_ReleaseServer|Any CPU.Build.0 = Release|Any CPU
		{C83612CD-AD42-4655-98A1-336CE7A65012}.net_4_0_Debug|Any CPU.ActiveCfg = Debug|Any CPU
		{C83612CD-AD42-4655-98A1-336CE7A65012}.net_4_0_Debug|Any CPU.Build.0 = Debug|Any CPU
		{C83612CD-AD42-4655-98A1-336CE7A65012}.net_4_0_Release|Any CPU.ActiveCfg = Release|Any CPU
		{C83612CD-AD42-4655-98A1-336CE7A65012}.net_4_0_Release|Any CPU.Build.0 = Release|Any CPU
		{C83612CD-AD42-4655-98A1-336CE7A65012}.net_4_5_Debug|Any CPU.ActiveCfg = Debug|Any CPU
		{C83612CD-AD42-4655-98A1-336CE7A65012}.net_4_5_Debug|Any CPU.Build.0 = Debug|Any CPU
		{C83612CD-AD42-4655-98A1-336CE7A65012}.net_4_5_Release|Any CPU.ActiveCfg = Release|Any CPU
		{C83612CD-AD42-4655-98A1-336CE7A65012}.net_4_5_Release|Any CPU.Build.0 = Release|Any CPU
		{C83612CD-AD42-4655-98A1-336CE7A65012}.NET3.5 Release Server EngineOnly|Any CPU.ActiveCfg = Release|Any CPU
		{C83612CD-AD42-4655-98A1-336CE7A65012}.NET3.5 Release Server EngineOnly|Any CPU.Build.0 = Release|Any CPU
		{C83612CD-AD42-4655-98A1-336CE7A65012}.Release EngineOnly|Any CPU.ActiveCfg = Release|Any CPU
		{C83612CD-AD42-4655-98A1-336CE7A65012}.Release EngineOnly|Any CPU.Build.0 = Release|Any CPU
		{C83612CD-AD42-4655-98A1-336CE7A65012}.Release JustAssembly|Any CPU.ActiveCfg = Release|Any CPU
		{C83612CD-AD42-4655-98A1-336CE7A65012}.Release JustAssembly|Any CPU.Build.0 = Release|Any CPU
		{C83612CD-AD42-4655-98A1-336CE7A65012}.Release Server EngineOnly|Any CPU.ActiveCfg = Release|Any CPU
		{C83612CD-AD42-4655-98A1-336CE7A65012}.Release Server EngineOnly|Any CPU.Build.0 = Release|Any CPU
		{C83612CD-AD42-4655-98A1-336CE7A65012}.Release Server JustAssembly|Any CPU.ActiveCfg = Release|Any CPU
		{C83612CD-AD42-4655-98A1-336CE7A65012}.Release Server JustAssembly|Any CPU.Build.0 = Release|Any CPU
		{C83612CD-AD42-4655-98A1-336CE7A65012}.Release Server|Any CPU.ActiveCfg = Release|Any CPU
		{C83612CD-AD42-4655-98A1-336CE7A65012}.Release Server|Any CPU.Build.0 = Release|Any CPU
		{C83612CD-AD42-4655-98A1-336CE7A65012}.Release|Any CPU.ActiveCfg = Release|Any CPU
		{C83612CD-AD42-4655-98A1-336CE7A65012}.Release|Any CPU.Build.0 = Release|Any CPU
		{C83612CD-AD42-4655-98A1-336CE7A65012}.silverlight_Debug|Any CPU.ActiveCfg = Debug|Any CPU
		{C83612CD-AD42-4655-98A1-336CE7A65012}.silverlight_Debug|Any CPU.Build.0 = Debug|Any CPU
		{C83612CD-AD42-4655-98A1-336CE7A65012}.silverlight_Release|Any CPU.ActiveCfg = Release|Any CPU
		{C83612CD-AD42-4655-98A1-336CE7A65012}.silverlight_Release|Any CPU.Build.0 = Release|Any CPU
		{C83612CD-AD42-4655-98A1-336CE7A65012}.Telerik Release Build|Any CPU.ActiveCfg = Telerik Release Build|Any CPU
		{C83612CD-AD42-4655-98A1-336CE7A65012}.Telerik Release Build|Any CPU.Build.0 = Telerik Release Build|Any CPU
		{C83612CD-AD42-4655-98A1-336CE7A65012}.winphone_Debug|Any CPU.ActiveCfg = Debug|Any CPU
		{C83612CD-AD42-4655-98A1-336CE7A65012}.winphone_Debug|Any CPU.Build.0 = Debug|Any CPU
		{C83612CD-AD42-4655-98A1-336CE7A65012}.winphone_Release|Any CPU.ActiveCfg = Release|Any CPU
		{C83612CD-AD42-4655-98A1-336CE7A65012}.winphone_Release|Any CPU.Build.0 = Release|Any CPU
	EndGlobalSection
	GlobalSection(SolutionProperties) = preSolution
		HideSolutionNode = FALSE
	EndGlobalSection
	GlobalSection(NestedProjects) = preSolution
		{6A918191-B9EE-4E28-B5EB-BC2BABC0F805} = {ECFCB198-E60A-40B1-B605-0EBD7EA2F3DD}
		{44E02EEA-1DC4-403E-BD85-522E6552B6C4} = {B54A414D-0042-4945-A9B2-D4BA5FD8F13F}
		{5A1575B4-9F48-45D4-A8BD-F91B4203C92F} = {ECFCB198-E60A-40B1-B605-0EBD7EA2F3DD}
		{C83612CD-AD42-4655-98A1-336CE7A65012} = {ECFCB198-E60A-40B1-B605-0EBD7EA2F3DD}
	EndGlobalSection
	GlobalSection(ExtensibilityGlobals) = postSolution
		SolutionGuid = {BB4D5221-7F56-45A4-8A1D-EFD2283D5679}
	EndGlobalSection
EndGlobal
