
Microsoft Visual Studio Solution File, Format Version 12.00
# Visual Studio Version 17
VisualStudioVersion = 17.7.34202.233
MinimumVisualStudioVersion = 10.0.40219.1
Project("{9A19103F-16F7-4668-BE54-9A1E7A4F7556}") = "Oleander.Assembly.Versioning", "src\Oleander.Assembly.Versioning\Oleander.Assembly.Versioning.csproj", "{6A918191-B9EE-4E28-B5EB-BC2BABC0F805}"
EndProject
Project("{2150E333-8FDC-42A3-9474-1A3956D46DE8}") = "src", "src", "{ECFCB198-E60A-40B1-B605-0EBD7EA2F3DD}"
EndProject
Project("{2150E333-8FDC-42A3-9474-1A3956D46DE8}") = "tests", "tests", "{B54A414D-0042-4945-A9B2-D4BA5FD8F13F}"
EndProject
Project("{9A19103F-16F7-4668-BE54-9A1E7A4F7556}") = "Oleander.Assembly.Versioning.Tests", "tests\Oleander.Assembly.Versioning.Tests\Oleander.Assembly.Versioning.Tests.csproj", "{44E02EEA-1DC4-403E-BD85-522E6552B6C4}"
EndProject
Project("{9A19103F-16F7-4668-BE54-9A1E7A4F7556}") = "Oleander.Assembly.Comparator", "src\Oleander.Assembly.Comparator\Oleander.Assembly.Comparator.csproj", "{5A1575B4-9F48-45D4-A8BD-F91B4203C92F}"
EndProject
Project("{FAE04EC0-301F-11D3-BF4B-00C04F79EFBC}") = "JustAssembly.Core", "src\JustAssembly.Core\JustAssembly.Core.csproj", "{DF253580-FA21-4196-A90E-6E998A780906}"
EndProject
Project("{FAE04EC0-301F-11D3-BF4B-00C04F79EFBC}") = "Telerik.JustDecompile.Mono.Cecil", "src\Mono.Cecil\Telerik.JustDecompile.Mono.Cecil.csproj", "{D6F6F559-EBBE-4D13-AFF8-C202FDC01702}"
EndProject
Project("{FAE04EC0-301F-11D3-BF4B-00C04F79EFBC}") = "JustDecompile.External.JustAssembly", "src\JustDecompile.External.JustAssembly\JustDecompile.External.JustAssembly.csproj", "{965071DC-FF55-4C78-A6A0-95F7726C5361}"
EndProject
Project("{FAE04EC0-301F-11D3-BF4B-00C04F79EFBC}") = "JustDecompiler", "src\JustDecompiler\JustDecompiler.csproj", "{728712B3-0FA6-4854-947A-4669142160A5}"
EndProject
Project("{FAE04EC0-301F-11D3-BF4B-00C04F79EFBC}") = "Telerik.JustDecompile.Mono.Cecil.Pdb", "src\Mono.Cecil.Pdb\Telerik.JustDecompile.Mono.Cecil.Pdb.csproj", "{0859F510-763D-4127-BF6B-382ABF3BC8EA}"
EndProject
Project("{FAE04EC0-301F-11D3-BF4B-00C04F79EFBC}") = "Telerik.JustDecompile.Mono.Cecil.Mdb", "src\Telerik.JustDecompile.Mono.Cecil.Mdb\Telerik.JustDecompile.Mono.Cecil.Mdb.csproj", "{DAD69C74-54EF-44D9-BEE9-2C53259DA44D}"
EndProject
Project("{9A19103F-16F7-4668-BE54-9A1E7A4F7556}") = "JustDecompile.EngineInfrastructure", "src\JustDecompile.EngineInfrastructure\JustDecompile.EngineInfrastructure.csproj", "{99E406D7-5B32-453E-9D46-F56A5EED85B6}"
EndProject
Project("{FAE04EC0-301F-11D3-BF4B-00C04F79EFBC}") = "SystemInformationHelpers", "src\SystemInformationHelpers\SystemInformationHelpers.csproj", "{0EF7AB2B-402D-4791-9204-4590DA2E3E7F}"
EndProject
Project("{FAE04EC0-301F-11D3-BF4B-00C04F79EFBC}") = "JustDecompile.Tools.MSBuildProjectBuilder", "src\Tools.MSBuildProjectBuilder\JustDecompile.Tools.MSBuildProjectBuilder.csproj", "{8546F49C-03E8-4AB7-8332-48A9FED5E9F8}"
EndProject
Global
	GlobalSection(SolutionConfigurationPlatforms) = preSolution
		.NET 3.5 Debug|Any CPU = .NET 3.5 Debug|Any CPU
		.NET 3.5 Release Server EngineOnly|Any CPU = .NET 3.5 Release Server EngineOnly|Any CPU
		Debug .NET 3.5|Any CPU = Debug .NET 3.5|Any CPU
		Debug EngineOnly|Any CPU = Debug EngineOnly|Any CPU
		Debug JustAssembly|Any CPU = Debug JustAssembly|Any CPU
		Debug|Any CPU = Debug|Any CPU
		net_2_0_Debug|Any CPU = net_2_0_Debug|Any CPU
		net_2_0_Release|Any CPU = net_2_0_Release|Any CPU
		net_3_5_Debug|Any CPU = net_3_5_Debug|Any CPU
		net_3_5_Release|Any CPU = net_3_5_Release|Any CPU
		net_3_5_ReleaseServer|Any CPU = net_3_5_ReleaseServer|Any CPU
		net_4_0_Debug|Any CPU = net_4_0_Debug|Any CPU
		net_4_0_Release|Any CPU = net_4_0_Release|Any CPU
		net_4_5_Debug|Any CPU = net_4_5_Debug|Any CPU
		net_4_5_Release|Any CPU = net_4_5_Release|Any CPU
		NET3.5 Release Server EngineOnly|Any CPU = NET3.5 Release Server EngineOnly|Any CPU
		Release EngineOnly|Any CPU = Release EngineOnly|Any CPU
		Release JustAssembly|Any CPU = Release JustAssembly|Any CPU
		Release Server EngineOnly|Any CPU = Release Server EngineOnly|Any CPU
		Release Server JustAssembly|Any CPU = Release Server JustAssembly|Any CPU
		Release Server|Any CPU = Release Server|Any CPU
		Release|Any CPU = Release|Any CPU
		silverlight_Debug|Any CPU = silverlight_Debug|Any CPU
		silverlight_Release|Any CPU = silverlight_Release|Any CPU
		Telerik Release Build|Any CPU = Telerik Release Build|Any CPU
		winphone_Debug|Any CPU = winphone_Debug|Any CPU
		winphone_Release|Any CPU = winphone_Release|Any CPU
	EndGlobalSection
	GlobalSection(ProjectConfigurationPlatforms) = postSolution
		{6A918191-B9EE-4E28-B5EB-BC2BABC0F805}..NET 3.5 Debug|Any CPU.ActiveCfg = Debug|Any CPU
		{6A918191-B9EE-4E28-B5EB-BC2BABC0F805}..NET 3.5 Debug|Any CPU.Build.0 = Debug|Any CPU
		{6A918191-B9EE-4E28-B5EB-BC2BABC0F805}..NET 3.5 Release Server EngineOnly|Any CPU.ActiveCfg = Release|Any CPU
		{6A918191-B9EE-4E28-B5EB-BC2BABC0F805}..NET 3.5 Release Server EngineOnly|Any CPU.Build.0 = Release|Any CPU
		{6A918191-B9EE-4E28-B5EB-BC2BABC0F805}.Debug .NET 3.5|Any CPU.ActiveCfg = Debug|Any CPU
		{6A918191-B9EE-4E28-B5EB-BC2BABC0F805}.Debug .NET 3.5|Any CPU.Build.0 = Debug|Any CPU
		{6A918191-B9EE-4E28-B5EB-BC2BABC0F805}.Debug EngineOnly|Any CPU.ActiveCfg = Debug|Any CPU
		{6A918191-B9EE-4E28-B5EB-BC2BABC0F805}.Debug EngineOnly|Any CPU.Build.0 = Debug|Any CPU
		{6A918191-B9EE-4E28-B5EB-BC2BABC0F805}.Debug JustAssembly|Any CPU.ActiveCfg = Debug|Any CPU
		{6A918191-B9EE-4E28-B5EB-BC2BABC0F805}.Debug JustAssembly|Any CPU.Build.0 = Debug|Any CPU
		{6A918191-B9EE-4E28-B5EB-BC2BABC0F805}.Debug|Any CPU.ActiveCfg = Debug|Any CPU
		{6A918191-B9EE-4E28-B5EB-BC2BABC0F805}.Debug|Any CPU.Build.0 = Debug|Any CPU
		{6A918191-B9EE-4E28-B5EB-BC2BABC0F805}.net_2_0_Debug|Any CPU.ActiveCfg = Debug|Any CPU
		{6A918191-B9EE-4E28-B5EB-BC2BABC0F805}.net_2_0_Debug|Any CPU.Build.0 = Debug|Any CPU
		{6A918191-B9EE-4E28-B5EB-BC2BABC0F805}.net_2_0_Release|Any CPU.ActiveCfg = Release|Any CPU
		{6A918191-B9EE-4E28-B5EB-BC2BABC0F805}.net_2_0_Release|Any CPU.Build.0 = Release|Any CPU
		{6A918191-B9EE-4E28-B5EB-BC2BABC0F805}.net_3_5_Debug|Any CPU.ActiveCfg = Debug|Any CPU
		{6A918191-B9EE-4E28-B5EB-BC2BABC0F805}.net_3_5_Debug|Any CPU.Build.0 = Debug|Any CPU
		{6A918191-B9EE-4E28-B5EB-BC2BABC0F805}.net_3_5_Release|Any CPU.ActiveCfg = Release|Any CPU
		{6A918191-B9EE-4E28-B5EB-BC2BABC0F805}.net_3_5_Release|Any CPU.Build.0 = Release|Any CPU
		{6A918191-B9EE-4E28-B5EB-BC2BABC0F805}.net_3_5_ReleaseServer|Any CPU.ActiveCfg = Release|Any CPU
		{6A918191-B9EE-4E28-B5EB-BC2BABC0F805}.net_3_5_ReleaseServer|Any CPU.Build.0 = Release|Any CPU
		{6A918191-B9EE-4E28-B5EB-BC2BABC0F805}.net_4_0_Debug|Any CPU.ActiveCfg = Debug|Any CPU
		{6A918191-B9EE-4E28-B5EB-BC2BABC0F805}.net_4_0_Debug|Any CPU.Build.0 = Debug|Any CPU
		{6A918191-B9EE-4E28-B5EB-BC2BABC0F805}.net_4_0_Release|Any CPU.ActiveCfg = Release|Any CPU
		{6A918191-B9EE-4E28-B5EB-BC2BABC0F805}.net_4_0_Release|Any CPU.Build.0 = Release|Any CPU
		{6A918191-B9EE-4E28-B5EB-BC2BABC0F805}.net_4_5_Debug|Any CPU.ActiveCfg = Debug|Any CPU
		{6A918191-B9EE-4E28-B5EB-BC2BABC0F805}.net_4_5_Debug|Any CPU.Build.0 = Debug|Any CPU
		{6A918191-B9EE-4E28-B5EB-BC2BABC0F805}.net_4_5_Release|Any CPU.ActiveCfg = Release|Any CPU
		{6A918191-B9EE-4E28-B5EB-BC2BABC0F805}.net_4_5_Release|Any CPU.Build.0 = Release|Any CPU
		{6A918191-B9EE-4E28-B5EB-BC2BABC0F805}.NET3.5 Release Server EngineOnly|Any CPU.ActiveCfg = Release|Any CPU
		{6A918191-B9EE-4E28-B5EB-BC2BABC0F805}.NET3.5 Release Server EngineOnly|Any CPU.Build.0 = Release|Any CPU
		{6A918191-B9EE-4E28-B5EB-BC2BABC0F805}.Release EngineOnly|Any CPU.ActiveCfg = Release|Any CPU
		{6A918191-B9EE-4E28-B5EB-BC2BABC0F805}.Release EngineOnly|Any CPU.Build.0 = Release|Any CPU
		{6A918191-B9EE-4E28-B5EB-BC2BABC0F805}.Release JustAssembly|Any CPU.ActiveCfg = Release|Any CPU
		{6A918191-B9EE-4E28-B5EB-BC2BABC0F805}.Release JustAssembly|Any CPU.Build.0 = Release|Any CPU
		{6A918191-B9EE-4E28-B5EB-BC2BABC0F805}.Release Server EngineOnly|Any CPU.ActiveCfg = Release|Any CPU
		{6A918191-B9EE-4E28-B5EB-BC2BABC0F805}.Release Server EngineOnly|Any CPU.Build.0 = Release|Any CPU
		{6A918191-B9EE-4E28-B5EB-BC2BABC0F805}.Release Server JustAssembly|Any CPU.ActiveCfg = Release|Any CPU
		{6A918191-B9EE-4E28-B5EB-BC2BABC0F805}.Release Server JustAssembly|Any CPU.Build.0 = Release|Any CPU
		{6A918191-B9EE-4E28-B5EB-BC2BABC0F805}.Release Server|Any CPU.ActiveCfg = Release|Any CPU
		{6A918191-B9EE-4E28-B5EB-BC2BABC0F805}.Release Server|Any CPU.Build.0 = Release|Any CPU
		{6A918191-B9EE-4E28-B5EB-BC2BABC0F805}.Release|Any CPU.ActiveCfg = Release|Any CPU
		{6A918191-B9EE-4E28-B5EB-BC2BABC0F805}.Release|Any CPU.Build.0 = Release|Any CPU
		{6A918191-B9EE-4E28-B5EB-BC2BABC0F805}.silverlight_Debug|Any CPU.ActiveCfg = Debug|Any CPU
		{6A918191-B9EE-4E28-B5EB-BC2BABC0F805}.silverlight_Debug|Any CPU.Build.0 = Debug|Any CPU
		{6A918191-B9EE-4E28-B5EB-BC2BABC0F805}.silverlight_Release|Any CPU.ActiveCfg = Release|Any CPU
		{6A918191-B9EE-4E28-B5EB-BC2BABC0F805}.silverlight_Release|Any CPU.Build.0 = Release|Any CPU
		{6A918191-B9EE-4E28-B5EB-BC2BABC0F805}.Telerik Release Build|Any CPU.ActiveCfg = Release|Any CPU
		{6A918191-B9EE-4E28-B5EB-BC2BABC0F805}.Telerik Release Build|Any CPU.Build.0 = Release|Any CPU
		{6A918191-B9EE-4E28-B5EB-BC2BABC0F805}.winphone_Debug|Any CPU.ActiveCfg = Debug|Any CPU
		{6A918191-B9EE-4E28-B5EB-BC2BABC0F805}.winphone_Debug|Any CPU.Build.0 = Debug|Any CPU
		{6A918191-B9EE-4E28-B5EB-BC2BABC0F805}.winphone_Release|Any CPU.ActiveCfg = Release|Any CPU
		{6A918191-B9EE-4E28-B5EB-BC2BABC0F805}.winphone_Release|Any CPU.Build.0 = Release|Any CPU
		{44E02EEA-1DC4-403E-BD85-522E6552B6C4}..NET 3.5 Debug|Any CPU.ActiveCfg = Debug|Any CPU
		{44E02EEA-1DC4-403E-BD85-522E6552B6C4}..NET 3.5 Debug|Any CPU.Build.0 = Debug|Any CPU
		{44E02EEA-1DC4-403E-BD85-522E6552B6C4}..NET 3.5 Release Server EngineOnly|Any CPU.ActiveCfg = Release|Any CPU
		{44E02EEA-1DC4-403E-BD85-522E6552B6C4}..NET 3.5 Release Server EngineOnly|Any CPU.Build.0 = Release|Any CPU
		{44E02EEA-1DC4-403E-BD85-522E6552B6C4}.Debug .NET 3.5|Any CPU.ActiveCfg = Debug|Any CPU
		{44E02EEA-1DC4-403E-BD85-522E6552B6C4}.Debug .NET 3.5|Any CPU.Build.0 = Debug|Any CPU
		{44E02EEA-1DC4-403E-BD85-522E6552B6C4}.Debug EngineOnly|Any CPU.ActiveCfg = Debug|Any CPU
		{44E02EEA-1DC4-403E-BD85-522E6552B6C4}.Debug EngineOnly|Any CPU.Build.0 = Debug|Any CPU
		{44E02EEA-1DC4-403E-BD85-522E6552B6C4}.Debug JustAssembly|Any CPU.ActiveCfg = Debug|Any CPU
		{44E02EEA-1DC4-403E-BD85-522E6552B6C4}.Debug JustAssembly|Any CPU.Build.0 = Debug|Any CPU
		{44E02EEA-1DC4-403E-BD85-522E6552B6C4}.Debug|Any CPU.ActiveCfg = Debug|Any CPU
		{44E02EEA-1DC4-403E-BD85-522E6552B6C4}.Debug|Any CPU.Build.0 = Debug|Any CPU
		{44E02EEA-1DC4-403E-BD85-522E6552B6C4}.net_2_0_Debug|Any CPU.ActiveCfg = Debug|Any CPU
		{44E02EEA-1DC4-403E-BD85-522E6552B6C4}.net_2_0_Debug|Any CPU.Build.0 = Debug|Any CPU
		{44E02EEA-1DC4-403E-BD85-522E6552B6C4}.net_2_0_Release|Any CPU.ActiveCfg = Release|Any CPU
		{44E02EEA-1DC4-403E-BD85-522E6552B6C4}.net_2_0_Release|Any CPU.Build.0 = Release|Any CPU
		{44E02EEA-1DC4-403E-BD85-522E6552B6C4}.net_3_5_Debug|Any CPU.ActiveCfg = Debug|Any CPU
		{44E02EEA-1DC4-403E-BD85-522E6552B6C4}.net_3_5_Debug|Any CPU.Build.0 = Debug|Any CPU
		{44E02EEA-1DC4-403E-BD85-522E6552B6C4}.net_3_5_Release|Any CPU.ActiveCfg = Release|Any CPU
		{44E02EEA-1DC4-403E-BD85-522E6552B6C4}.net_3_5_Release|Any CPU.Build.0 = Release|Any CPU
		{44E02EEA-1DC4-403E-BD85-522E6552B6C4}.net_3_5_ReleaseServer|Any CPU.ActiveCfg = Release|Any CPU
		{44E02EEA-1DC4-403E-BD85-522E6552B6C4}.net_3_5_ReleaseServer|Any CPU.Build.0 = Release|Any CPU
		{44E02EEA-1DC4-403E-BD85-522E6552B6C4}.net_4_0_Debug|Any CPU.ActiveCfg = Debug|Any CPU
		{44E02EEA-1DC4-403E-BD85-522E6552B6C4}.net_4_0_Debug|Any CPU.Build.0 = Debug|Any CPU
		{44E02EEA-1DC4-403E-BD85-522E6552B6C4}.net_4_0_Release|Any CPU.ActiveCfg = Release|Any CPU
		{44E02EEA-1DC4-403E-BD85-522E6552B6C4}.net_4_0_Release|Any CPU.Build.0 = Release|Any CPU
		{44E02EEA-1DC4-403E-BD85-522E6552B6C4}.net_4_5_Debug|Any CPU.ActiveCfg = Debug|Any CPU
		{44E02EEA-1DC4-403E-BD85-522E6552B6C4}.net_4_5_Debug|Any CPU.Build.0 = Debug|Any CPU
		{44E02EEA-1DC4-403E-BD85-522E6552B6C4}.net_4_5_Release|Any CPU.ActiveCfg = Release|Any CPU
		{44E02EEA-1DC4-403E-BD85-522E6552B6C4}.net_4_5_Release|Any CPU.Build.0 = Release|Any CPU
		{44E02EEA-1DC4-403E-BD85-522E6552B6C4}.NET3.5 Release Server EngineOnly|Any CPU.ActiveCfg = Release|Any CPU
		{44E02EEA-1DC4-403E-BD85-522E6552B6C4}.NET3.5 Release Server EngineOnly|Any CPU.Build.0 = Release|Any CPU
		{44E02EEA-1DC4-403E-BD85-522E6552B6C4}.Release EngineOnly|Any CPU.ActiveCfg = Release|Any CPU
		{44E02EEA-1DC4-403E-BD85-522E6552B6C4}.Release EngineOnly|Any CPU.Build.0 = Release|Any CPU
		{44E02EEA-1DC4-403E-BD85-522E6552B6C4}.Release JustAssembly|Any CPU.ActiveCfg = Release|Any CPU
		{44E02EEA-1DC4-403E-BD85-522E6552B6C4}.Release JustAssembly|Any CPU.Build.0 = Release|Any CPU
		{44E02EEA-1DC4-403E-BD85-522E6552B6C4}.Release Server EngineOnly|Any CPU.ActiveCfg = Release|Any CPU
		{44E02EEA-1DC4-403E-BD85-522E6552B6C4}.Release Server EngineOnly|Any CPU.Build.0 = Release|Any CPU
		{44E02EEA-1DC4-403E-BD85-522E6552B6C4}.Release Server JustAssembly|Any CPU.ActiveCfg = Release|Any CPU
		{44E02EEA-1DC4-403E-BD85-522E6552B6C4}.Release Server JustAssembly|Any CPU.Build.0 = Release|Any CPU
		{44E02EEA-1DC4-403E-BD85-522E6552B6C4}.Release Server|Any CPU.ActiveCfg = Release|Any CPU
		{44E02EEA-1DC4-403E-BD85-522E6552B6C4}.Release Server|Any CPU.Build.0 = Release|Any CPU
		{44E02EEA-1DC4-403E-BD85-522E6552B6C4}.Release|Any CPU.ActiveCfg = Release|Any CPU
		{44E02EEA-1DC4-403E-BD85-522E6552B6C4}.Release|Any CPU.Build.0 = Release|Any CPU
		{44E02EEA-1DC4-403E-BD85-522E6552B6C4}.silverlight_Debug|Any CPU.ActiveCfg = Debug|Any CPU
		{44E02EEA-1DC4-403E-BD85-522E6552B6C4}.silverlight_Debug|Any CPU.Build.0 = Debug|Any CPU
		{44E02EEA-1DC4-403E-BD85-522E6552B6C4}.silverlight_Release|Any CPU.ActiveCfg = Release|Any CPU
		{44E02EEA-1DC4-403E-BD85-522E6552B6C4}.silverlight_Release|Any CPU.Build.0 = Release|Any CPU
		{44E02EEA-1DC4-403E-BD85-522E6552B6C4}.Telerik Release Build|Any CPU.ActiveCfg = Release|Any CPU
		{44E02EEA-1DC4-403E-BD85-522E6552B6C4}.Telerik Release Build|Any CPU.Build.0 = Release|Any CPU
		{44E02EEA-1DC4-403E-BD85-522E6552B6C4}.winphone_Debug|Any CPU.ActiveCfg = Debug|Any CPU
		{44E02EEA-1DC4-403E-BD85-522E6552B6C4}.winphone_Debug|Any CPU.Build.0 = Debug|Any CPU
		{44E02EEA-1DC4-403E-BD85-522E6552B6C4}.winphone_Release|Any CPU.ActiveCfg = Release|Any CPU
		{44E02EEA-1DC4-403E-BD85-522E6552B6C4}.winphone_Release|Any CPU.Build.0 = Release|Any CPU
		{5A1575B4-9F48-45D4-A8BD-F91B4203C92F}..NET 3.5 Debug|Any CPU.ActiveCfg = Debug|Any CPU
		{5A1575B4-9F48-45D4-A8BD-F91B4203C92F}..NET 3.5 Debug|Any CPU.Build.0 = Debug|Any CPU
		{5A1575B4-9F48-45D4-A8BD-F91B4203C92F}..NET 3.5 Release Server EngineOnly|Any CPU.ActiveCfg = Release|Any CPU
		{5A1575B4-9F48-45D4-A8BD-F91B4203C92F}..NET 3.5 Release Server EngineOnly|Any CPU.Build.0 = Release|Any CPU
		{5A1575B4-9F48-45D4-A8BD-F91B4203C92F}.Debug .NET 3.5|Any CPU.ActiveCfg = Debug|Any CPU
		{5A1575B4-9F48-45D4-A8BD-F91B4203C92F}.Debug .NET 3.5|Any CPU.Build.0 = Debug|Any CPU
		{5A1575B4-9F48-45D4-A8BD-F91B4203C92F}.Debug EngineOnly|Any CPU.ActiveCfg = Debug|Any CPU
		{5A1575B4-9F48-45D4-A8BD-F91B4203C92F}.Debug EngineOnly|Any CPU.Build.0 = Debug|Any CPU
		{5A1575B4-9F48-45D4-A8BD-F91B4203C92F}.Debug JustAssembly|Any CPU.ActiveCfg = Debug|Any CPU
		{5A1575B4-9F48-45D4-A8BD-F91B4203C92F}.Debug JustAssembly|Any CPU.Build.0 = Debug|Any CPU
		{5A1575B4-9F48-45D4-A8BD-F91B4203C92F}.Debug|Any CPU.ActiveCfg = Debug|Any CPU
		{5A1575B4-9F48-45D4-A8BD-F91B4203C92F}.Debug|Any CPU.Build.0 = Debug|Any CPU
		{5A1575B4-9F48-45D4-A8BD-F91B4203C92F}.net_2_0_Debug|Any CPU.ActiveCfg = Debug|Any CPU
		{5A1575B4-9F48-45D4-A8BD-F91B4203C92F}.net_2_0_Debug|Any CPU.Build.0 = Debug|Any CPU
		{5A1575B4-9F48-45D4-A8BD-F91B4203C92F}.net_2_0_Release|Any CPU.ActiveCfg = Release|Any CPU
		{5A1575B4-9F48-45D4-A8BD-F91B4203C92F}.net_2_0_Release|Any CPU.Build.0 = Release|Any CPU
		{5A1575B4-9F48-45D4-A8BD-F91B4203C92F}.net_3_5_Debug|Any CPU.ActiveCfg = Debug|Any CPU
		{5A1575B4-9F48-45D4-A8BD-F91B4203C92F}.net_3_5_Debug|Any CPU.Build.0 = Debug|Any CPU
		{5A1575B4-9F48-45D4-A8BD-F91B4203C92F}.net_3_5_Release|Any CPU.ActiveCfg = Release|Any CPU
		{5A1575B4-9F48-45D4-A8BD-F91B4203C92F}.net_3_5_Release|Any CPU.Build.0 = Release|Any CPU
		{5A1575B4-9F48-45D4-A8BD-F91B4203C92F}.net_3_5_ReleaseServer|Any CPU.ActiveCfg = Release|Any CPU
		{5A1575B4-9F48-45D4-A8BD-F91B4203C92F}.net_3_5_ReleaseServer|Any CPU.Build.0 = Release|Any CPU
		{5A1575B4-9F48-45D4-A8BD-F91B4203C92F}.net_4_0_Debug|Any CPU.ActiveCfg = Debug|Any CPU
		{5A1575B4-9F48-45D4-A8BD-F91B4203C92F}.net_4_0_Debug|Any CPU.Build.0 = Debug|Any CPU
		{5A1575B4-9F48-45D4-A8BD-F91B4203C92F}.net_4_0_Release|Any CPU.ActiveCfg = Release|Any CPU
		{5A1575B4-9F48-45D4-A8BD-F91B4203C92F}.net_4_0_Release|Any CPU.Build.0 = Release|Any CPU
		{5A1575B4-9F48-45D4-A8BD-F91B4203C92F}.net_4_5_Debug|Any CPU.ActiveCfg = Debug|Any CPU
		{5A1575B4-9F48-45D4-A8BD-F91B4203C92F}.net_4_5_Debug|Any CPU.Build.0 = Debug|Any CPU
		{5A1575B4-9F48-45D4-A8BD-F91B4203C92F}.net_4_5_Release|Any CPU.ActiveCfg = Release|Any CPU
		{5A1575B4-9F48-45D4-A8BD-F91B4203C92F}.net_4_5_Release|Any CPU.Build.0 = Release|Any CPU
		{5A1575B4-9F48-45D4-A8BD-F91B4203C92F}.NET3.5 Release Server EngineOnly|Any CPU.ActiveCfg = Release|Any CPU
		{5A1575B4-9F48-45D4-A8BD-F91B4203C92F}.NET3.5 Release Server EngineOnly|Any CPU.Build.0 = Release|Any CPU
		{5A1575B4-9F48-45D4-A8BD-F91B4203C92F}.Release EngineOnly|Any CPU.ActiveCfg = Release|Any CPU
		{5A1575B4-9F48-45D4-A8BD-F91B4203C92F}.Release EngineOnly|Any CPU.Build.0 = Release|Any CPU
		{5A1575B4-9F48-45D4-A8BD-F91B4203C92F}.Release JustAssembly|Any CPU.ActiveCfg = Release|Any CPU
		{5A1575B4-9F48-45D4-A8BD-F91B4203C92F}.Release JustAssembly|Any CPU.Build.0 = Release|Any CPU
		{5A1575B4-9F48-45D4-A8BD-F91B4203C92F}.Release Server EngineOnly|Any CPU.ActiveCfg = Release|Any CPU
		{5A1575B4-9F48-45D4-A8BD-F91B4203C92F}.Release Server EngineOnly|Any CPU.Build.0 = Release|Any CPU
		{5A1575B4-9F48-45D4-A8BD-F91B4203C92F}.Release Server JustAssembly|Any CPU.ActiveCfg = Release|Any CPU
		{5A1575B4-9F48-45D4-A8BD-F91B4203C92F}.Release Server JustAssembly|Any CPU.Build.0 = Release|Any CPU
		{5A1575B4-9F48-45D4-A8BD-F91B4203C92F}.Release Server|Any CPU.ActiveCfg = Release|Any CPU
		{5A1575B4-9F48-45D4-A8BD-F91B4203C92F}.Release Server|Any CPU.Build.0 = Release|Any CPU
		{5A1575B4-9F48-45D4-A8BD-F91B4203C92F}.Release|Any CPU.ActiveCfg = Release|Any CPU
		{5A1575B4-9F48-45D4-A8BD-F91B4203C92F}.Release|Any CPU.Build.0 = Release|Any CPU
		{5A1575B4-9F48-45D4-A8BD-F91B4203C92F}.silverlight_Debug|Any CPU.ActiveCfg = Debug|Any CPU
		{5A1575B4-9F48-45D4-A8BD-F91B4203C92F}.silverlight_Debug|Any CPU.Build.0 = Debug|Any CPU
		{5A1575B4-9F48-45D4-A8BD-F91B4203C92F}.silverlight_Release|Any CPU.ActiveCfg = Release|Any CPU
		{5A1575B4-9F48-45D4-A8BD-F91B4203C92F}.silverlight_Release|Any CPU.Build.0 = Release|Any CPU
		{5A1575B4-9F48-45D4-A8BD-F91B4203C92F}.Telerik Release Build|Any CPU.ActiveCfg = Release|Any CPU
		{5A1575B4-9F48-45D4-A8BD-F91B4203C92F}.Telerik Release Build|Any CPU.Build.0 = Release|Any CPU
		{5A1575B4-9F48-45D4-A8BD-F91B4203C92F}.winphone_Debug|Any CPU.ActiveCfg = Debug|Any CPU
		{5A1575B4-9F48-45D4-A8BD-F91B4203C92F}.winphone_Debug|Any CPU.Build.0 = Debug|Any CPU
		{5A1575B4-9F48-45D4-A8BD-F91B4203C92F}.winphone_Release|Any CPU.ActiveCfg = Release|Any CPU
		{5A1575B4-9F48-45D4-A8BD-F91B4203C92F}.winphone_Release|Any CPU.Build.0 = Release|Any CPU
		{DF253580-FA21-4196-A90E-6E998A780906}..NET 3.5 Debug|Any CPU.ActiveCfg = Debug|Any CPU
		{DF253580-FA21-4196-A90E-6E998A780906}..NET 3.5 Debug|Any CPU.Build.0 = Debug|Any CPU
		{DF253580-FA21-4196-A90E-6E998A780906}..NET 3.5 Release Server EngineOnly|Any CPU.ActiveCfg = Release|Any CPU
		{DF253580-FA21-4196-A90E-6E998A780906}..NET 3.5 Release Server EngineOnly|Any CPU.Build.0 = Release|Any CPU
		{DF253580-FA21-4196-A90E-6E998A780906}.Debug .NET 3.5|Any CPU.ActiveCfg = Debug|Any CPU
		{DF253580-FA21-4196-A90E-6E998A780906}.Debug .NET 3.5|Any CPU.Build.0 = Debug|Any CPU
		{DF253580-FA21-4196-A90E-6E998A780906}.Debug EngineOnly|Any CPU.ActiveCfg = Debug|Any CPU
		{DF253580-FA21-4196-A90E-6E998A780906}.Debug EngineOnly|Any CPU.Build.0 = Debug|Any CPU
		{DF253580-FA21-4196-A90E-6E998A780906}.Debug JustAssembly|Any CPU.ActiveCfg = Debug|Any CPU
		{DF253580-FA21-4196-A90E-6E998A780906}.Debug JustAssembly|Any CPU.Build.0 = Debug|Any CPU
		{DF253580-FA21-4196-A90E-6E998A780906}.Debug|Any CPU.ActiveCfg = Debug|Any CPU
		{DF253580-FA21-4196-A90E-6E998A780906}.Debug|Any CPU.Build.0 = Debug|Any CPU
		{DF253580-FA21-4196-A90E-6E998A780906}.net_2_0_Debug|Any CPU.ActiveCfg = Debug|Any CPU
		{DF253580-FA21-4196-A90E-6E998A780906}.net_2_0_Debug|Any CPU.Build.0 = Debug|Any CPU
		{DF253580-FA21-4196-A90E-6E998A780906}.net_2_0_Release|Any CPU.ActiveCfg = Release|Any CPU
		{DF253580-FA21-4196-A90E-6E998A780906}.net_2_0_Release|Any CPU.Build.0 = Release|Any CPU
		{DF253580-FA21-4196-A90E-6E998A780906}.net_3_5_Debug|Any CPU.ActiveCfg = Debug|Any CPU
		{DF253580-FA21-4196-A90E-6E998A780906}.net_3_5_Debug|Any CPU.Build.0 = Debug|Any CPU
		{DF253580-FA21-4196-A90E-6E998A780906}.net_3_5_Release|Any CPU.ActiveCfg = Release|Any CPU
		{DF253580-FA21-4196-A90E-6E998A780906}.net_3_5_Release|Any CPU.Build.0 = Release|Any CPU
		{DF253580-FA21-4196-A90E-6E998A780906}.net_3_5_ReleaseServer|Any CPU.ActiveCfg = Release|Any CPU
		{DF253580-FA21-4196-A90E-6E998A780906}.net_3_5_ReleaseServer|Any CPU.Build.0 = Release|Any CPU
		{DF253580-FA21-4196-A90E-6E998A780906}.net_4_0_Debug|Any CPU.ActiveCfg = Debug|Any CPU
		{DF253580-FA21-4196-A90E-6E998A780906}.net_4_0_Debug|Any CPU.Build.0 = Debug|Any CPU
		{DF253580-FA21-4196-A90E-6E998A780906}.net_4_0_Release|Any CPU.ActiveCfg = Release|Any CPU
		{DF253580-FA21-4196-A90E-6E998A780906}.net_4_0_Release|Any CPU.Build.0 = Release|Any CPU
		{DF253580-FA21-4196-A90E-6E998A780906}.net_4_5_Debug|Any CPU.ActiveCfg = Debug|Any CPU
		{DF253580-FA21-4196-A90E-6E998A780906}.net_4_5_Debug|Any CPU.Build.0 = Debug|Any CPU
		{DF253580-FA21-4196-A90E-6E998A780906}.net_4_5_Release|Any CPU.ActiveCfg = Release|Any CPU
		{DF253580-FA21-4196-A90E-6E998A780906}.net_4_5_Release|Any CPU.Build.0 = Release|Any CPU
		{DF253580-FA21-4196-A90E-6E998A780906}.NET3.5 Release Server EngineOnly|Any CPU.ActiveCfg = Release|Any CPU
		{DF253580-FA21-4196-A90E-6E998A780906}.NET3.5 Release Server EngineOnly|Any CPU.Build.0 = Release|Any CPU
		{DF253580-FA21-4196-A90E-6E998A780906}.Release EngineOnly|Any CPU.ActiveCfg = Release|Any CPU
		{DF253580-FA21-4196-A90E-6E998A780906}.Release EngineOnly|Any CPU.Build.0 = Release|Any CPU
		{DF253580-FA21-4196-A90E-6E998A780906}.Release JustAssembly|Any CPU.ActiveCfg = Release|Any CPU
		{DF253580-FA21-4196-A90E-6E998A780906}.Release JustAssembly|Any CPU.Build.0 = Release|Any CPU
		{DF253580-FA21-4196-A90E-6E998A780906}.Release Server EngineOnly|Any CPU.ActiveCfg = Release|Any CPU
		{DF253580-FA21-4196-A90E-6E998A780906}.Release Server EngineOnly|Any CPU.Build.0 = Release|Any CPU
		{DF253580-FA21-4196-A90E-6E998A780906}.Release Server JustAssembly|Any CPU.ActiveCfg = Release|Any CPU
		{DF253580-FA21-4196-A90E-6E998A780906}.Release Server JustAssembly|Any CPU.Build.0 = Release|Any CPU
		{DF253580-FA21-4196-A90E-6E998A780906}.Release Server|Any CPU.ActiveCfg = Release|Any CPU
		{DF253580-FA21-4196-A90E-6E998A780906}.Release Server|Any CPU.Build.0 = Release|Any CPU
		{DF253580-FA21-4196-A90E-6E998A780906}.Release|Any CPU.ActiveCfg = Release|Any CPU
		{DF253580-FA21-4196-A90E-6E998A780906}.Release|Any CPU.Build.0 = Release|Any CPU
		{DF253580-FA21-4196-A90E-6E998A780906}.silverlight_Debug|Any CPU.ActiveCfg = Debug|Any CPU
		{DF253580-FA21-4196-A90E-6E998A780906}.silverlight_Debug|Any CPU.Build.0 = Debug|Any CPU
		{DF253580-FA21-4196-A90E-6E998A780906}.silverlight_Release|Any CPU.ActiveCfg = Release|Any CPU
		{DF253580-FA21-4196-A90E-6E998A780906}.silverlight_Release|Any CPU.Build.0 = Release|Any CPU
		{DF253580-FA21-4196-A90E-6E998A780906}.Telerik Release Build|Any CPU.ActiveCfg = Release|Any CPU
		{DF253580-FA21-4196-A90E-6E998A780906}.Telerik Release Build|Any CPU.Build.0 = Release|Any CPU
		{DF253580-FA21-4196-A90E-6E998A780906}.winphone_Debug|Any CPU.ActiveCfg = Debug|Any CPU
		{DF253580-FA21-4196-A90E-6E998A780906}.winphone_Debug|Any CPU.Build.0 = Debug|Any CPU
		{DF253580-FA21-4196-A90E-6E998A780906}.winphone_Release|Any CPU.ActiveCfg = Release|Any CPU
		{DF253580-FA21-4196-A90E-6E998A780906}.winphone_Release|Any CPU.Build.0 = Release|Any CPU
		{D6F6F559-EBBE-4D13-AFF8-C202FDC01702}..NET 3.5 Debug|Any CPU.ActiveCfg = Debug|Any CPU
		{D6F6F559-EBBE-4D13-AFF8-C202FDC01702}..NET 3.5 Debug|Any CPU.Build.0 = Debug|Any CPU
		{D6F6F559-EBBE-4D13-AFF8-C202FDC01702}..NET 3.5 Release Server EngineOnly|Any CPU.ActiveCfg = Release|Any CPU
		{D6F6F559-EBBE-4D13-AFF8-C202FDC01702}..NET 3.5 Release Server EngineOnly|Any CPU.Build.0 = Release|Any CPU
		{D6F6F559-EBBE-4D13-AFF8-C202FDC01702}.Debug .NET 3.5|Any CPU.ActiveCfg = Debug|Any CPU
		{D6F6F559-EBBE-4D13-AFF8-C202FDC01702}.Debug .NET 3.5|Any CPU.Build.0 = Debug|Any CPU
		{D6F6F559-EBBE-4D13-AFF8-C202FDC01702}.Debug EngineOnly|Any CPU.ActiveCfg = Debug|Any CPU
		{D6F6F559-EBBE-4D13-AFF8-C202FDC01702}.Debug EngineOnly|Any CPU.Build.0 = Debug|Any CPU
		{D6F6F559-EBBE-4D13-AFF8-C202FDC01702}.Debug JustAssembly|Any CPU.ActiveCfg = Debug|Any CPU
		{D6F6F559-EBBE-4D13-AFF8-C202FDC01702}.Debug JustAssembly|Any CPU.Build.0 = Debug|Any CPU
		{D6F6F559-EBBE-4D13-AFF8-C202FDC01702}.Debug|Any CPU.ActiveCfg = Debug|Any CPU
		{D6F6F559-EBBE-4D13-AFF8-C202FDC01702}.Debug|Any CPU.Build.0 = Debug|Any CPU
		{D6F6F559-EBBE-4D13-AFF8-C202FDC01702}.net_2_0_Debug|Any CPU.ActiveCfg = Debug|Any CPU
		{D6F6F559-EBBE-4D13-AFF8-C202FDC01702}.net_2_0_Debug|Any CPU.Build.0 = Debug|Any CPU
		{D6F6F559-EBBE-4D13-AFF8-C202FDC01702}.net_2_0_Release|Any CPU.ActiveCfg = Release|Any CPU
		{D6F6F559-EBBE-4D13-AFF8-C202FDC01702}.net_2_0_Release|Any CPU.Build.0 = Release|Any CPU
		{D6F6F559-EBBE-4D13-AFF8-C202FDC01702}.net_3_5_Debug|Any CPU.ActiveCfg = Debug|Any CPU
		{D6F6F559-EBBE-4D13-AFF8-C202FDC01702}.net_3_5_Debug|Any CPU.Build.0 = Debug|Any CPU
		{D6F6F559-EBBE-4D13-AFF8-C202FDC01702}.net_3_5_Release|Any CPU.ActiveCfg = Release|Any CPU
		{D6F6F559-EBBE-4D13-AFF8-C202FDC01702}.net_3_5_Release|Any CPU.Build.0 = Release|Any CPU
		{D6F6F559-EBBE-4D13-AFF8-C202FDC01702}.net_3_5_ReleaseServer|Any CPU.ActiveCfg = Release|Any CPU
		{D6F6F559-EBBE-4D13-AFF8-C202FDC01702}.net_3_5_ReleaseServer|Any CPU.Build.0 = Release|Any CPU
		{D6F6F559-EBBE-4D13-AFF8-C202FDC01702}.net_4_0_Debug|Any CPU.ActiveCfg = Debug|Any CPU
		{D6F6F559-EBBE-4D13-AFF8-C202FDC01702}.net_4_0_Debug|Any CPU.Build.0 = Debug|Any CPU
		{D6F6F559-EBBE-4D13-AFF8-C202FDC01702}.net_4_0_Release|Any CPU.ActiveCfg = Release|Any CPU
		{D6F6F559-EBBE-4D13-AFF8-C202FDC01702}.net_4_0_Release|Any CPU.Build.0 = Release|Any CPU
		{D6F6F559-EBBE-4D13-AFF8-C202FDC01702}.net_4_5_Debug|Any CPU.ActiveCfg = Debug|Any CPU
		{D6F6F559-EBBE-4D13-AFF8-C202FDC01702}.net_4_5_Debug|Any CPU.Build.0 = Debug|Any CPU
		{D6F6F559-EBBE-4D13-AFF8-C202FDC01702}.net_4_5_Release|Any CPU.ActiveCfg = Release|Any CPU
		{D6F6F559-EBBE-4D13-AFF8-C202FDC01702}.net_4_5_Release|Any CPU.Build.0 = Release|Any CPU
		{D6F6F559-EBBE-4D13-AFF8-C202FDC01702}.NET3.5 Release Server EngineOnly|Any CPU.ActiveCfg = Release|Any CPU
		{D6F6F559-EBBE-4D13-AFF8-C202FDC01702}.NET3.5 Release Server EngineOnly|Any CPU.Build.0 = Release|Any CPU
		{D6F6F559-EBBE-4D13-AFF8-C202FDC01702}.Release EngineOnly|Any CPU.ActiveCfg = Release|Any CPU
		{D6F6F559-EBBE-4D13-AFF8-C202FDC01702}.Release EngineOnly|Any CPU.Build.0 = Release|Any CPU
		{D6F6F559-EBBE-4D13-AFF8-C202FDC01702}.Release JustAssembly|Any CPU.ActiveCfg = Release|Any CPU
		{D6F6F559-EBBE-4D13-AFF8-C202FDC01702}.Release JustAssembly|Any CPU.Build.0 = Release|Any CPU
		{D6F6F559-EBBE-4D13-AFF8-C202FDC01702}.Release Server EngineOnly|Any CPU.ActiveCfg = Release|Any CPU
		{D6F6F559-EBBE-4D13-AFF8-C202FDC01702}.Release Server EngineOnly|Any CPU.Build.0 = Release|Any CPU
		{D6F6F559-EBBE-4D13-AFF8-C202FDC01702}.Release Server JustAssembly|Any CPU.ActiveCfg = Release|Any CPU
		{D6F6F559-EBBE-4D13-AFF8-C202FDC01702}.Release Server JustAssembly|Any CPU.Build.0 = Release|Any CPU
		{D6F6F559-EBBE-4D13-AFF8-C202FDC01702}.Release Server|Any CPU.ActiveCfg = Release|Any CPU
		{D6F6F559-EBBE-4D13-AFF8-C202FDC01702}.Release Server|Any CPU.Build.0 = Release|Any CPU
		{D6F6F559-EBBE-4D13-AFF8-C202FDC01702}.Release|Any CPU.ActiveCfg = Release|Any CPU
		{D6F6F559-EBBE-4D13-AFF8-C202FDC01702}.Release|Any CPU.Build.0 = Release|Any CPU
		{D6F6F559-EBBE-4D13-AFF8-C202FDC01702}.silverlight_Debug|Any CPU.ActiveCfg = Debug|Any CPU
		{D6F6F559-EBBE-4D13-AFF8-C202FDC01702}.silverlight_Debug|Any CPU.Build.0 = Debug|Any CPU
		{D6F6F559-EBBE-4D13-AFF8-C202FDC01702}.silverlight_Release|Any CPU.ActiveCfg = Release|Any CPU
		{D6F6F559-EBBE-4D13-AFF8-C202FDC01702}.silverlight_Release|Any CPU.Build.0 = Release|Any CPU
		{D6F6F559-EBBE-4D13-AFF8-C202FDC01702}.Telerik Release Build|Any CPU.ActiveCfg = Release|Any CPU
		{D6F6F559-EBBE-4D13-AFF8-C202FDC01702}.Telerik Release Build|Any CPU.Build.0 = Release|Any CPU
		{D6F6F559-EBBE-4D13-AFF8-C202FDC01702}.winphone_Debug|Any CPU.ActiveCfg = Debug|Any CPU
		{D6F6F559-EBBE-4D13-AFF8-C202FDC01702}.winphone_Debug|Any CPU.Build.0 = Debug|Any CPU
		{D6F6F559-EBBE-4D13-AFF8-C202FDC01702}.winphone_Release|Any CPU.ActiveCfg = Release|Any CPU
		{D6F6F559-EBBE-4D13-AFF8-C202FDC01702}.winphone_Release|Any CPU.Build.0 = Release|Any CPU
		{965071DC-FF55-4C78-A6A0-95F7726C5361}..NET 3.5 Debug|Any CPU.ActiveCfg = Debug|Any CPU
		{965071DC-FF55-4C78-A6A0-95F7726C5361}..NET 3.5 Debug|Any CPU.Build.0 = Debug|Any CPU
		{965071DC-FF55-4C78-A6A0-95F7726C5361}..NET 3.5 Release Server EngineOnly|Any CPU.ActiveCfg = Release|Any CPU
		{965071DC-FF55-4C78-A6A0-95F7726C5361}..NET 3.5 Release Server EngineOnly|Any CPU.Build.0 = Release|Any CPU
		{965071DC-FF55-4C78-A6A0-95F7726C5361}.Debug .NET 3.5|Any CPU.ActiveCfg = Debug|Any CPU
		{965071DC-FF55-4C78-A6A0-95F7726C5361}.Debug .NET 3.5|Any CPU.Build.0 = Debug|Any CPU
		{965071DC-FF55-4C78-A6A0-95F7726C5361}.Debug EngineOnly|Any CPU.ActiveCfg = Debug|Any CPU
		{965071DC-FF55-4C78-A6A0-95F7726C5361}.Debug EngineOnly|Any CPU.Build.0 = Debug|Any CPU
		{965071DC-FF55-4C78-A6A0-95F7726C5361}.Debug JustAssembly|Any CPU.ActiveCfg = Debug|Any CPU
		{965071DC-FF55-4C78-A6A0-95F7726C5361}.Debug JustAssembly|Any CPU.Build.0 = Debug|Any CPU
		{965071DC-FF55-4C78-A6A0-95F7726C5361}.Debug|Any CPU.ActiveCfg = Debug|Any CPU
		{965071DC-FF55-4C78-A6A0-95F7726C5361}.Debug|Any CPU.Build.0 = Debug|Any CPU
		{965071DC-FF55-4C78-A6A0-95F7726C5361}.net_2_0_Debug|Any CPU.ActiveCfg = Debug|Any CPU
		{965071DC-FF55-4C78-A6A0-95F7726C5361}.net_2_0_Debug|Any CPU.Build.0 = Debug|Any CPU
		{965071DC-FF55-4C78-A6A0-95F7726C5361}.net_2_0_Release|Any CPU.ActiveCfg = Release|Any CPU
		{965071DC-FF55-4C78-A6A0-95F7726C5361}.net_2_0_Release|Any CPU.Build.0 = Release|Any CPU
		{965071DC-FF55-4C78-A6A0-95F7726C5361}.net_3_5_Debug|Any CPU.ActiveCfg = Debug|Any CPU
		{965071DC-FF55-4C78-A6A0-95F7726C5361}.net_3_5_Debug|Any CPU.Build.0 = Debug|Any CPU
		{965071DC-FF55-4C78-A6A0-95F7726C5361}.net_3_5_Release|Any CPU.ActiveCfg = Release|Any CPU
		{965071DC-FF55-4C78-A6A0-95F7726C5361}.net_3_5_Release|Any CPU.Build.0 = Release|Any CPU
		{965071DC-FF55-4C78-A6A0-95F7726C5361}.net_3_5_ReleaseServer|Any CPU.ActiveCfg = Release|Any CPU
		{965071DC-FF55-4C78-A6A0-95F7726C5361}.net_3_5_ReleaseServer|Any CPU.Build.0 = Release|Any CPU
		{965071DC-FF55-4C78-A6A0-95F7726C5361}.net_4_0_Debug|Any CPU.ActiveCfg = Debug|Any CPU
		{965071DC-FF55-4C78-A6A0-95F7726C5361}.net_4_0_Debug|Any CPU.Build.0 = Debug|Any CPU
		{965071DC-FF55-4C78-A6A0-95F7726C5361}.net_4_0_Release|Any CPU.ActiveCfg = Release|Any CPU
		{965071DC-FF55-4C78-A6A0-95F7726C5361}.net_4_0_Release|Any CPU.Build.0 = Release|Any CPU
		{965071DC-FF55-4C78-A6A0-95F7726C5361}.net_4_5_Debug|Any CPU.ActiveCfg = Debug|Any CPU
		{965071DC-FF55-4C78-A6A0-95F7726C5361}.net_4_5_Debug|Any CPU.Build.0 = Debug|Any CPU
		{965071DC-FF55-4C78-A6A0-95F7726C5361}.net_4_5_Release|Any CPU.ActiveCfg = Release|Any CPU
		{965071DC-FF55-4C78-A6A0-95F7726C5361}.net_4_5_Release|Any CPU.Build.0 = Release|Any CPU
		{965071DC-FF55-4C78-A6A0-95F7726C5361}.NET3.5 Release Server EngineOnly|Any CPU.ActiveCfg = Release|Any CPU
		{965071DC-FF55-4C78-A6A0-95F7726C5361}.NET3.5 Release Server EngineOnly|Any CPU.Build.0 = Release|Any CPU
		{965071DC-FF55-4C78-A6A0-95F7726C5361}.Release EngineOnly|Any CPU.ActiveCfg = Release|Any CPU
		{965071DC-FF55-4C78-A6A0-95F7726C5361}.Release EngineOnly|Any CPU.Build.0 = Release|Any CPU
		{965071DC-FF55-4C78-A6A0-95F7726C5361}.Release JustAssembly|Any CPU.ActiveCfg = Release|Any CPU
		{965071DC-FF55-4C78-A6A0-95F7726C5361}.Release JustAssembly|Any CPU.Build.0 = Release|Any CPU
		{965071DC-FF55-4C78-A6A0-95F7726C5361}.Release Server EngineOnly|Any CPU.ActiveCfg = Release|Any CPU
		{965071DC-FF55-4C78-A6A0-95F7726C5361}.Release Server EngineOnly|Any CPU.Build.0 = Release|Any CPU
		{965071DC-FF55-4C78-A6A0-95F7726C5361}.Release Server JustAssembly|Any CPU.ActiveCfg = Release|Any CPU
		{965071DC-FF55-4C78-A6A0-95F7726C5361}.Release Server JustAssembly|Any CPU.Build.0 = Release|Any CPU
		{965071DC-FF55-4C78-A6A0-95F7726C5361}.Release Server|Any CPU.ActiveCfg = Release|Any CPU
		{965071DC-FF55-4C78-A6A0-95F7726C5361}.Release Server|Any CPU.Build.0 = Release|Any CPU
		{965071DC-FF55-4C78-A6A0-95F7726C5361}.Release|Any CPU.ActiveCfg = Release|Any CPU
		{965071DC-FF55-4C78-A6A0-95F7726C5361}.Release|Any CPU.Build.0 = Release|Any CPU
		{965071DC-FF55-4C78-A6A0-95F7726C5361}.silverlight_Debug|Any CPU.ActiveCfg = Debug|Any CPU
		{965071DC-FF55-4C78-A6A0-95F7726C5361}.silverlight_Debug|Any CPU.Build.0 = Debug|Any CPU
		{965071DC-FF55-4C78-A6A0-95F7726C5361}.silverlight_Release|Any CPU.ActiveCfg = Release|Any CPU
		{965071DC-FF55-4C78-A6A0-95F7726C5361}.silverlight_Release|Any CPU.Build.0 = Release|Any CPU
		{965071DC-FF55-4C78-A6A0-95F7726C5361}.Telerik Release Build|Any CPU.ActiveCfg = Release|Any CPU
		{965071DC-FF55-4C78-A6A0-95F7726C5361}.Telerik Release Build|Any CPU.Build.0 = Release|Any CPU
		{965071DC-FF55-4C78-A6A0-95F7726C5361}.winphone_Debug|Any CPU.ActiveCfg = Debug|Any CPU
		{965071DC-FF55-4C78-A6A0-95F7726C5361}.winphone_Debug|Any CPU.Build.0 = Debug|Any CPU
		{965071DC-FF55-4C78-A6A0-95F7726C5361}.winphone_Release|Any CPU.ActiveCfg = Release|Any CPU
		{965071DC-FF55-4C78-A6A0-95F7726C5361}.winphone_Release|Any CPU.Build.0 = Release|Any CPU
		{728712B3-0FA6-4854-947A-4669142160A5}..NET 3.5 Debug|Any CPU.ActiveCfg = Debug|Any CPU
		{728712B3-0FA6-4854-947A-4669142160A5}..NET 3.5 Debug|Any CPU.Build.0 = Debug|Any CPU
		{728712B3-0FA6-4854-947A-4669142160A5}..NET 3.5 Release Server EngineOnly|Any CPU.ActiveCfg = Release|Any CPU
		{728712B3-0FA6-4854-947A-4669142160A5}..NET 3.5 Release Server EngineOnly|Any CPU.Build.0 = Release|Any CPU
		{728712B3-0FA6-4854-947A-4669142160A5}.Debug .NET 3.5|Any CPU.ActiveCfg = Debug|Any CPU
		{728712B3-0FA6-4854-947A-4669142160A5}.Debug .NET 3.5|Any CPU.Build.0 = Debug|Any CPU
		{728712B3-0FA6-4854-947A-4669142160A5}.Debug EngineOnly|Any CPU.ActiveCfg = Debug|Any CPU
		{728712B3-0FA6-4854-947A-4669142160A5}.Debug EngineOnly|Any CPU.Build.0 = Debug|Any CPU
		{728712B3-0FA6-4854-947A-4669142160A5}.Debug JustAssembly|Any CPU.ActiveCfg = Debug|Any CPU
		{728712B3-0FA6-4854-947A-4669142160A5}.Debug JustAssembly|Any CPU.Build.0 = Debug|Any CPU
		{728712B3-0FA6-4854-947A-4669142160A5}.Debug|Any CPU.ActiveCfg = Debug|Any CPU
		{728712B3-0FA6-4854-947A-4669142160A5}.Debug|Any CPU.Build.0 = Debug|Any CPU
		{728712B3-0FA6-4854-947A-4669142160A5}.net_2_0_Debug|Any CPU.ActiveCfg = Debug|Any CPU
		{728712B3-0FA6-4854-947A-4669142160A5}.net_2_0_Debug|Any CPU.Build.0 = Debug|Any CPU
		{728712B3-0FA6-4854-947A-4669142160A5}.net_2_0_Release|Any CPU.ActiveCfg = Release|Any CPU
		{728712B3-0FA6-4854-947A-4669142160A5}.net_2_0_Release|Any CPU.Build.0 = Release|Any CPU
		{728712B3-0FA6-4854-947A-4669142160A5}.net_3_5_Debug|Any CPU.ActiveCfg = Debug|Any CPU
		{728712B3-0FA6-4854-947A-4669142160A5}.net_3_5_Debug|Any CPU.Build.0 = Debug|Any CPU
		{728712B3-0FA6-4854-947A-4669142160A5}.net_3_5_Release|Any CPU.ActiveCfg = Release|Any CPU
		{728712B3-0FA6-4854-947A-4669142160A5}.net_3_5_Release|Any CPU.Build.0 = Release|Any CPU
		{728712B3-0FA6-4854-947A-4669142160A5}.net_3_5_ReleaseServer|Any CPU.ActiveCfg = Release|Any CPU
		{728712B3-0FA6-4854-947A-4669142160A5}.net_3_5_ReleaseServer|Any CPU.Build.0 = Release|Any CPU
		{728712B3-0FA6-4854-947A-4669142160A5}.net_4_0_Debug|Any CPU.ActiveCfg = Debug|Any CPU
		{728712B3-0FA6-4854-947A-4669142160A5}.net_4_0_Debug|Any CPU.Build.0 = Debug|Any CPU
		{728712B3-0FA6-4854-947A-4669142160A5}.net_4_0_Release|Any CPU.ActiveCfg = Release|Any CPU
		{728712B3-0FA6-4854-947A-4669142160A5}.net_4_0_Release|Any CPU.Build.0 = Release|Any CPU
		{728712B3-0FA6-4854-947A-4669142160A5}.net_4_5_Debug|Any CPU.ActiveCfg = Debug|Any CPU
		{728712B3-0FA6-4854-947A-4669142160A5}.net_4_5_Debug|Any CPU.Build.0 = Debug|Any CPU
		{728712B3-0FA6-4854-947A-4669142160A5}.net_4_5_Release|Any CPU.ActiveCfg = Release|Any CPU
		{728712B3-0FA6-4854-947A-4669142160A5}.net_4_5_Release|Any CPU.Build.0 = Release|Any CPU
		{728712B3-0FA6-4854-947A-4669142160A5}.NET3.5 Release Server EngineOnly|Any CPU.ActiveCfg = Release|Any CPU
		{728712B3-0FA6-4854-947A-4669142160A5}.NET3.5 Release Server EngineOnly|Any CPU.Build.0 = Release|Any CPU
		{728712B3-0FA6-4854-947A-4669142160A5}.Release EngineOnly|Any CPU.ActiveCfg = Release|Any CPU
		{728712B3-0FA6-4854-947A-4669142160A5}.Release EngineOnly|Any CPU.Build.0 = Release|Any CPU
		{728712B3-0FA6-4854-947A-4669142160A5}.Release JustAssembly|Any CPU.ActiveCfg = Release|Any CPU
		{728712B3-0FA6-4854-947A-4669142160A5}.Release JustAssembly|Any CPU.Build.0 = Release|Any CPU
		{728712B3-0FA6-4854-947A-4669142160A5}.Release Server EngineOnly|Any CPU.ActiveCfg = Release|Any CPU
		{728712B3-0FA6-4854-947A-4669142160A5}.Release Server EngineOnly|Any CPU.Build.0 = Release|Any CPU
		{728712B3-0FA6-4854-947A-4669142160A5}.Release Server JustAssembly|Any CPU.ActiveCfg = Release|Any CPU
		{728712B3-0FA6-4854-947A-4669142160A5}.Release Server JustAssembly|Any CPU.Build.0 = Release|Any CPU
		{728712B3-0FA6-4854-947A-4669142160A5}.Release Server|Any CPU.ActiveCfg = Release|Any CPU
		{728712B3-0FA6-4854-947A-4669142160A5}.Release Server|Any CPU.Build.0 = Release|Any CPU
		{728712B3-0FA6-4854-947A-4669142160A5}.Release|Any CPU.ActiveCfg = Release|Any CPU
		{728712B3-0FA6-4854-947A-4669142160A5}.Release|Any CPU.Build.0 = Release|Any CPU
		{728712B3-0FA6-4854-947A-4669142160A5}.silverlight_Debug|Any CPU.ActiveCfg = Debug|Any CPU
		{728712B3-0FA6-4854-947A-4669142160A5}.silverlight_Debug|Any CPU.Build.0 = Debug|Any CPU
		{728712B3-0FA6-4854-947A-4669142160A5}.silverlight_Release|Any CPU.ActiveCfg = Release|Any CPU
		{728712B3-0FA6-4854-947A-4669142160A5}.silverlight_Release|Any CPU.Build.0 = Release|Any CPU
		{728712B3-0FA6-4854-947A-4669142160A5}.Telerik Release Build|Any CPU.ActiveCfg = Release|Any CPU
		{728712B3-0FA6-4854-947A-4669142160A5}.Telerik Release Build|Any CPU.Build.0 = Release|Any CPU
		{728712B3-0FA6-4854-947A-4669142160A5}.winphone_Debug|Any CPU.ActiveCfg = Debug|Any CPU
		{728712B3-0FA6-4854-947A-4669142160A5}.winphone_Debug|Any CPU.Build.0 = Debug|Any CPU
		{728712B3-0FA6-4854-947A-4669142160A5}.winphone_Release|Any CPU.ActiveCfg = Release|Any CPU
		{728712B3-0FA6-4854-947A-4669142160A5}.winphone_Release|Any CPU.Build.0 = Release|Any CPU
		{0859F510-763D-4127-BF6B-382ABF3BC8EA}..NET 3.5 Debug|Any CPU.ActiveCfg = Debug|Any CPU
		{0859F510-763D-4127-BF6B-382ABF3BC8EA}..NET 3.5 Debug|Any CPU.Build.0 = Debug|Any CPU
		{0859F510-763D-4127-BF6B-382ABF3BC8EA}..NET 3.5 Release Server EngineOnly|Any CPU.ActiveCfg = Release|Any CPU
		{0859F510-763D-4127-BF6B-382ABF3BC8EA}..NET 3.5 Release Server EngineOnly|Any CPU.Build.0 = Release|Any CPU
		{0859F510-763D-4127-BF6B-382ABF3BC8EA}.Debug .NET 3.5|Any CPU.ActiveCfg = Debug|Any CPU
		{0859F510-763D-4127-BF6B-382ABF3BC8EA}.Debug .NET 3.5|Any CPU.Build.0 = Debug|Any CPU
		{0859F510-763D-4127-BF6B-382ABF3BC8EA}.Debug EngineOnly|Any CPU.ActiveCfg = Debug|Any CPU
		{0859F510-763D-4127-BF6B-382ABF3BC8EA}.Debug EngineOnly|Any CPU.Build.0 = Debug|Any CPU
		{0859F510-763D-4127-BF6B-382ABF3BC8EA}.Debug JustAssembly|Any CPU.ActiveCfg = Debug|Any CPU
		{0859F510-763D-4127-BF6B-382ABF3BC8EA}.Debug JustAssembly|Any CPU.Build.0 = Debug|Any CPU
		{0859F510-763D-4127-BF6B-382ABF3BC8EA}.Debug|Any CPU.ActiveCfg = Debug|Any CPU
		{0859F510-763D-4127-BF6B-382ABF3BC8EA}.Debug|Any CPU.Build.0 = Debug|Any CPU
		{0859F510-763D-4127-BF6B-382ABF3BC8EA}.net_2_0_Debug|Any CPU.ActiveCfg = Debug|Any CPU
		{0859F510-763D-4127-BF6B-382ABF3BC8EA}.net_2_0_Debug|Any CPU.Build.0 = Debug|Any CPU
		{0859F510-763D-4127-BF6B-382ABF3BC8EA}.net_2_0_Release|Any CPU.ActiveCfg = Release|Any CPU
		{0859F510-763D-4127-BF6B-382ABF3BC8EA}.net_2_0_Release|Any CPU.Build.0 = Release|Any CPU
		{0859F510-763D-4127-BF6B-382ABF3BC8EA}.net_3_5_Debug|Any CPU.ActiveCfg = Debug|Any CPU
		{0859F510-763D-4127-BF6B-382ABF3BC8EA}.net_3_5_Debug|Any CPU.Build.0 = Debug|Any CPU
		{0859F510-763D-4127-BF6B-382ABF3BC8EA}.net_3_5_Release|Any CPU.ActiveCfg = Release|Any CPU
		{0859F510-763D-4127-BF6B-382ABF3BC8EA}.net_3_5_Release|Any CPU.Build.0 = Release|Any CPU
		{0859F510-763D-4127-BF6B-382ABF3BC8EA}.net_3_5_ReleaseServer|Any CPU.ActiveCfg = Release|Any CPU
		{0859F510-763D-4127-BF6B-382ABF3BC8EA}.net_3_5_ReleaseServer|Any CPU.Build.0 = Release|Any CPU
		{0859F510-763D-4127-BF6B-382ABF3BC8EA}.net_4_0_Debug|Any CPU.ActiveCfg = Debug|Any CPU
		{0859F510-763D-4127-BF6B-382ABF3BC8EA}.net_4_0_Debug|Any CPU.Build.0 = Debug|Any CPU
		{0859F510-763D-4127-BF6B-382ABF3BC8EA}.net_4_0_Release|Any CPU.ActiveCfg = Release|Any CPU
		{0859F510-763D-4127-BF6B-382ABF3BC8EA}.net_4_0_Release|Any CPU.Build.0 = Release|Any CPU
		{0859F510-763D-4127-BF6B-382ABF3BC8EA}.net_4_5_Debug|Any CPU.ActiveCfg = Debug|Any CPU
		{0859F510-763D-4127-BF6B-382ABF3BC8EA}.net_4_5_Debug|Any CPU.Build.0 = Debug|Any CPU
		{0859F510-763D-4127-BF6B-382ABF3BC8EA}.net_4_5_Release|Any CPU.ActiveCfg = Release|Any CPU
		{0859F510-763D-4127-BF6B-382ABF3BC8EA}.net_4_5_Release|Any CPU.Build.0 = Release|Any CPU
		{0859F510-763D-4127-BF6B-382ABF3BC8EA}.NET3.5 Release Server EngineOnly|Any CPU.ActiveCfg = Release|Any CPU
		{0859F510-763D-4127-BF6B-382ABF3BC8EA}.NET3.5 Release Server EngineOnly|Any CPU.Build.0 = Release|Any CPU
		{0859F510-763D-4127-BF6B-382ABF3BC8EA}.Release EngineOnly|Any CPU.ActiveCfg = Release|Any CPU
		{0859F510-763D-4127-BF6B-382ABF3BC8EA}.Release EngineOnly|Any CPU.Build.0 = Release|Any CPU
		{0859F510-763D-4127-BF6B-382ABF3BC8EA}.Release JustAssembly|Any CPU.ActiveCfg = Release|Any CPU
		{0859F510-763D-4127-BF6B-382ABF3BC8EA}.Release JustAssembly|Any CPU.Build.0 = Release|Any CPU
		{0859F510-763D-4127-BF6B-382ABF3BC8EA}.Release Server EngineOnly|Any CPU.ActiveCfg = Release|Any CPU
		{0859F510-763D-4127-BF6B-382ABF3BC8EA}.Release Server EngineOnly|Any CPU.Build.0 = Release|Any CPU
		{0859F510-763D-4127-BF6B-382ABF3BC8EA}.Release Server JustAssembly|Any CPU.ActiveCfg = Release|Any CPU
		{0859F510-763D-4127-BF6B-382ABF3BC8EA}.Release Server JustAssembly|Any CPU.Build.0 = Release|Any CPU
		{0859F510-763D-4127-BF6B-382ABF3BC8EA}.Release Server|Any CPU.ActiveCfg = Release|Any CPU
		{0859F510-763D-4127-BF6B-382ABF3BC8EA}.Release Server|Any CPU.Build.0 = Release|Any CPU
		{0859F510-763D-4127-BF6B-382ABF3BC8EA}.Release|Any CPU.ActiveCfg = Release|Any CPU
		{0859F510-763D-4127-BF6B-382ABF3BC8EA}.Release|Any CPU.Build.0 = Release|Any CPU
		{0859F510-763D-4127-BF6B-382ABF3BC8EA}.silverlight_Debug|Any CPU.ActiveCfg = Debug|Any CPU
		{0859F510-763D-4127-BF6B-382ABF3BC8EA}.silverlight_Debug|Any CPU.Build.0 = Debug|Any CPU
		{0859F510-763D-4127-BF6B-382ABF3BC8EA}.silverlight_Release|Any CPU.ActiveCfg = Release|Any CPU
		{0859F510-763D-4127-BF6B-382ABF3BC8EA}.silverlight_Release|Any CPU.Build.0 = Release|Any CPU
		{0859F510-763D-4127-BF6B-382ABF3BC8EA}.Telerik Release Build|Any CPU.ActiveCfg = Release|Any CPU
		{0859F510-763D-4127-BF6B-382ABF3BC8EA}.Telerik Release Build|Any CPU.Build.0 = Release|Any CPU
		{0859F510-763D-4127-BF6B-382ABF3BC8EA}.winphone_Debug|Any CPU.ActiveCfg = Debug|Any CPU
		{0859F510-763D-4127-BF6B-382ABF3BC8EA}.winphone_Debug|Any CPU.Build.0 = Debug|Any CPU
		{0859F510-763D-4127-BF6B-382ABF3BC8EA}.winphone_Release|Any CPU.ActiveCfg = Release|Any CPU
		{0859F510-763D-4127-BF6B-382ABF3BC8EA}.winphone_Release|Any CPU.Build.0 = Release|Any CPU
		{DAD69C74-54EF-44D9-BEE9-2C53259DA44D}..NET 3.5 Debug|Any CPU.ActiveCfg = Debug|Any CPU
		{DAD69C74-54EF-44D9-BEE9-2C53259DA44D}..NET 3.5 Debug|Any CPU.Build.0 = Debug|Any CPU
		{DAD69C74-54EF-44D9-BEE9-2C53259DA44D}..NET 3.5 Release Server EngineOnly|Any CPU.ActiveCfg = Release|Any CPU
		{DAD69C74-54EF-44D9-BEE9-2C53259DA44D}..NET 3.5 Release Server EngineOnly|Any CPU.Build.0 = Release|Any CPU
		{DAD69C74-54EF-44D9-BEE9-2C53259DA44D}.Debug .NET 3.5|Any CPU.ActiveCfg = Debug|Any CPU
		{DAD69C74-54EF-44D9-BEE9-2C53259DA44D}.Debug .NET 3.5|Any CPU.Build.0 = Debug|Any CPU
		{DAD69C74-54EF-44D9-BEE9-2C53259DA44D}.Debug EngineOnly|Any CPU.ActiveCfg = Debug|Any CPU
		{DAD69C74-54EF-44D9-BEE9-2C53259DA44D}.Debug EngineOnly|Any CPU.Build.0 = Debug|Any CPU
		{DAD69C74-54EF-44D9-BEE9-2C53259DA44D}.Debug JustAssembly|Any CPU.ActiveCfg = Debug|Any CPU
		{DAD69C74-54EF-44D9-BEE9-2C53259DA44D}.Debug JustAssembly|Any CPU.Build.0 = Debug|Any CPU
		{DAD69C74-54EF-44D9-BEE9-2C53259DA44D}.Debug|Any CPU.ActiveCfg = Debug|Any CPU
		{DAD69C74-54EF-44D9-BEE9-2C53259DA44D}.Debug|Any CPU.Build.0 = Debug|Any CPU
		{DAD69C74-54EF-44D9-BEE9-2C53259DA44D}.net_2_0_Debug|Any CPU.ActiveCfg = Debug|Any CPU
		{DAD69C74-54EF-44D9-BEE9-2C53259DA44D}.net_2_0_Debug|Any CPU.Build.0 = Debug|Any CPU
		{DAD69C74-54EF-44D9-BEE9-2C53259DA44D}.net_2_0_Release|Any CPU.ActiveCfg = Release|Any CPU
		{DAD69C74-54EF-44D9-BEE9-2C53259DA44D}.net_2_0_Release|Any CPU.Build.0 = Release|Any CPU
		{DAD69C74-54EF-44D9-BEE9-2C53259DA44D}.net_3_5_Debug|Any CPU.ActiveCfg = Debug|Any CPU
		{DAD69C74-54EF-44D9-BEE9-2C53259DA44D}.net_3_5_Debug|Any CPU.Build.0 = Debug|Any CPU
		{DAD69C74-54EF-44D9-BEE9-2C53259DA44D}.net_3_5_Release|Any CPU.ActiveCfg = Release|Any CPU
		{DAD69C74-54EF-44D9-BEE9-2C53259DA44D}.net_3_5_Release|Any CPU.Build.0 = Release|Any CPU
		{DAD69C74-54EF-44D9-BEE9-2C53259DA44D}.net_3_5_ReleaseServer|Any CPU.ActiveCfg = Release|Any CPU
		{DAD69C74-54EF-44D9-BEE9-2C53259DA44D}.net_3_5_ReleaseServer|Any CPU.Build.0 = Release|Any CPU
		{DAD69C74-54EF-44D9-BEE9-2C53259DA44D}.net_4_0_Debug|Any CPU.ActiveCfg = Debug|Any CPU
		{DAD69C74-54EF-44D9-BEE9-2C53259DA44D}.net_4_0_Debug|Any CPU.Build.0 = Debug|Any CPU
		{DAD69C74-54EF-44D9-BEE9-2C53259DA44D}.net_4_0_Release|Any CPU.ActiveCfg = Release|Any CPU
		{DAD69C74-54EF-44D9-BEE9-2C53259DA44D}.net_4_0_Release|Any CPU.Build.0 = Release|Any CPU
		{DAD69C74-54EF-44D9-BEE9-2C53259DA44D}.net_4_5_Debug|Any CPU.ActiveCfg = Debug|Any CPU
		{DAD69C74-54EF-44D9-BEE9-2C53259DA44D}.net_4_5_Debug|Any CPU.Build.0 = Debug|Any CPU
		{DAD69C74-54EF-44D9-BEE9-2C53259DA44D}.net_4_5_Release|Any CPU.ActiveCfg = Release|Any CPU
		{DAD69C74-54EF-44D9-BEE9-2C53259DA44D}.net_4_5_Release|Any CPU.Build.0 = Release|Any CPU
		{DAD69C74-54EF-44D9-BEE9-2C53259DA44D}.NET3.5 Release Server EngineOnly|Any CPU.ActiveCfg = Release|Any CPU
		{DAD69C74-54EF-44D9-BEE9-2C53259DA44D}.NET3.5 Release Server EngineOnly|Any CPU.Build.0 = Release|Any CPU
		{DAD69C74-54EF-44D9-BEE9-2C53259DA44D}.Release EngineOnly|Any CPU.ActiveCfg = Release|Any CPU
		{DAD69C74-54EF-44D9-BEE9-2C53259DA44D}.Release EngineOnly|Any CPU.Build.0 = Release|Any CPU
		{DAD69C74-54EF-44D9-BEE9-2C53259DA44D}.Release JustAssembly|Any CPU.ActiveCfg = Release|Any CPU
		{DAD69C74-54EF-44D9-BEE9-2C53259DA44D}.Release JustAssembly|Any CPU.Build.0 = Release|Any CPU
		{DAD69C74-54EF-44D9-BEE9-2C53259DA44D}.Release Server EngineOnly|Any CPU.ActiveCfg = Release|Any CPU
		{DAD69C74-54EF-44D9-BEE9-2C53259DA44D}.Release Server EngineOnly|Any CPU.Build.0 = Release|Any CPU
		{DAD69C74-54EF-44D9-BEE9-2C53259DA44D}.Release Server JustAssembly|Any CPU.ActiveCfg = Release|Any CPU
		{DAD69C74-54EF-44D9-BEE9-2C53259DA44D}.Release Server JustAssembly|Any CPU.Build.0 = Release|Any CPU
		{DAD69C74-54EF-44D9-BEE9-2C53259DA44D}.Release Server|Any CPU.ActiveCfg = Release|Any CPU
		{DAD69C74-54EF-44D9-BEE9-2C53259DA44D}.Release Server|Any CPU.Build.0 = Release|Any CPU
		{DAD69C74-54EF-44D9-BEE9-2C53259DA44D}.Release|Any CPU.ActiveCfg = Release|Any CPU
		{DAD69C74-54EF-44D9-BEE9-2C53259DA44D}.Release|Any CPU.Build.0 = Release|Any CPU
		{DAD69C74-54EF-44D9-BEE9-2C53259DA44D}.silverlight_Debug|Any CPU.ActiveCfg = Debug|Any CPU
		{DAD69C74-54EF-44D9-BEE9-2C53259DA44D}.silverlight_Debug|Any CPU.Build.0 = Debug|Any CPU
		{DAD69C74-54EF-44D9-BEE9-2C53259DA44D}.silverlight_Release|Any CPU.ActiveCfg = Release|Any CPU
		{DAD69C74-54EF-44D9-BEE9-2C53259DA44D}.silverlight_Release|Any CPU.Build.0 = Release|Any CPU
		{DAD69C74-54EF-44D9-BEE9-2C53259DA44D}.Telerik Release Build|Any CPU.ActiveCfg = Release|Any CPU
		{DAD69C74-54EF-44D9-BEE9-2C53259DA44D}.Telerik Release Build|Any CPU.Build.0 = Release|Any CPU
		{DAD69C74-54EF-44D9-BEE9-2C53259DA44D}.winphone_Debug|Any CPU.ActiveCfg = Debug|Any CPU
		{DAD69C74-54EF-44D9-BEE9-2C53259DA44D}.winphone_Debug|Any CPU.Build.0 = Debug|Any CPU
		{DAD69C74-54EF-44D9-BEE9-2C53259DA44D}.winphone_Release|Any CPU.ActiveCfg = Release|Any CPU
		{DAD69C74-54EF-44D9-BEE9-2C53259DA44D}.winphone_Release|Any CPU.Build.0 = Release|Any CPU
		{99E406D7-5B32-453E-9D46-F56A5EED85B6}..NET 3.5 Debug|Any CPU.ActiveCfg = Debug|Any CPU
		{99E406D7-5B32-453E-9D46-F56A5EED85B6}..NET 3.5 Debug|Any CPU.Build.0 = Debug|Any CPU
		{99E406D7-5B32-453E-9D46-F56A5EED85B6}..NET 3.5 Release Server EngineOnly|Any CPU.ActiveCfg = Release|Any CPU
		{99E406D7-5B32-453E-9D46-F56A5EED85B6}..NET 3.5 Release Server EngineOnly|Any CPU.Build.0 = Release|Any CPU
		{99E406D7-5B32-453E-9D46-F56A5EED85B6}.Debug .NET 3.5|Any CPU.ActiveCfg = Debug|Any CPU
		{99E406D7-5B32-453E-9D46-F56A5EED85B6}.Debug .NET 3.5|Any CPU.Build.0 = Debug|Any CPU
		{99E406D7-5B32-453E-9D46-F56A5EED85B6}.Debug EngineOnly|Any CPU.ActiveCfg = Debug|Any CPU
		{99E406D7-5B32-453E-9D46-F56A5EED85B6}.Debug EngineOnly|Any CPU.Build.0 = Debug|Any CPU
		{99E406D7-5B32-453E-9D46-F56A5EED85B6}.Debug JustAssembly|Any CPU.ActiveCfg = Debug|Any CPU
		{99E406D7-5B32-453E-9D46-F56A5EED85B6}.Debug JustAssembly|Any CPU.Build.0 = Debug|Any CPU
		{99E406D7-5B32-453E-9D46-F56A5EED85B6}.Debug|Any CPU.ActiveCfg = Debug|Any CPU
		{99E406D7-5B32-453E-9D46-F56A5EED85B6}.Debug|Any CPU.Build.0 = Debug|Any CPU
		{99E406D7-5B32-453E-9D46-F56A5EED85B6}.net_2_0_Debug|Any CPU.ActiveCfg = Debug|Any CPU
		{99E406D7-5B32-453E-9D46-F56A5EED85B6}.net_2_0_Debug|Any CPU.Build.0 = Debug|Any CPU
		{99E406D7-5B32-453E-9D46-F56A5EED85B6}.net_2_0_Release|Any CPU.ActiveCfg = Release|Any CPU
		{99E406D7-5B32-453E-9D46-F56A5EED85B6}.net_2_0_Release|Any CPU.Build.0 = Release|Any CPU
		{99E406D7-5B32-453E-9D46-F56A5EED85B6}.net_3_5_Debug|Any CPU.ActiveCfg = Debug|Any CPU
		{99E406D7-5B32-453E-9D46-F56A5EED85B6}.net_3_5_Debug|Any CPU.Build.0 = Debug|Any CPU
		{99E406D7-5B32-453E-9D46-F56A5EED85B6}.net_3_5_Release|Any CPU.ActiveCfg = Release|Any CPU
		{99E406D7-5B32-453E-9D46-F56A5EED85B6}.net_3_5_Release|Any CPU.Build.0 = Release|Any CPU
		{99E406D7-5B32-453E-9D46-F56A5EED85B6}.net_3_5_ReleaseServer|Any CPU.ActiveCfg = Release|Any CPU
		{99E406D7-5B32-453E-9D46-F56A5EED85B6}.net_3_5_ReleaseServer|Any CPU.Build.0 = Release|Any CPU
		{99E406D7-5B32-453E-9D46-F56A5EED85B6}.net_4_0_Debug|Any CPU.ActiveCfg = Debug|Any CPU
		{99E406D7-5B32-453E-9D46-F56A5EED85B6}.net_4_0_Debug|Any CPU.Build.0 = Debug|Any CPU
		{99E406D7-5B32-453E-9D46-F56A5EED85B6}.net_4_0_Release|Any CPU.ActiveCfg = Release|Any CPU
		{99E406D7-5B32-453E-9D46-F56A5EED85B6}.net_4_0_Release|Any CPU.Build.0 = Release|Any CPU
		{99E406D7-5B32-453E-9D46-F56A5EED85B6}.net_4_5_Debug|Any CPU.ActiveCfg = Debug|Any CPU
		{99E406D7-5B32-453E-9D46-F56A5EED85B6}.net_4_5_Debug|Any CPU.Build.0 = Debug|Any CPU
		{99E406D7-5B32-453E-9D46-F56A5EED85B6}.net_4_5_Release|Any CPU.ActiveCfg = Release|Any CPU
		{99E406D7-5B32-453E-9D46-F56A5EED85B6}.net_4_5_Release|Any CPU.Build.0 = Release|Any CPU
		{99E406D7-5B32-453E-9D46-F56A5EED85B6}.NET3.5 Release Server EngineOnly|Any CPU.ActiveCfg = Release|Any CPU
		{99E406D7-5B32-453E-9D46-F56A5EED85B6}.NET3.5 Release Server EngineOnly|Any CPU.Build.0 = Release|Any CPU
		{99E406D7-5B32-453E-9D46-F56A5EED85B6}.Release EngineOnly|Any CPU.ActiveCfg = Release|Any CPU
		{99E406D7-5B32-453E-9D46-F56A5EED85B6}.Release EngineOnly|Any CPU.Build.0 = Release|Any CPU
		{99E406D7-5B32-453E-9D46-F56A5EED85B6}.Release JustAssembly|Any CPU.ActiveCfg = Release|Any CPU
		{99E406D7-5B32-453E-9D46-F56A5EED85B6}.Release JustAssembly|Any CPU.Build.0 = Release|Any CPU
		{99E406D7-5B32-453E-9D46-F56A5EED85B6}.Release Server EngineOnly|Any CPU.ActiveCfg = Release|Any CPU
		{99E406D7-5B32-453E-9D46-F56A5EED85B6}.Release Server EngineOnly|Any CPU.Build.0 = Release|Any CPU
		{99E406D7-5B32-453E-9D46-F56A5EED85B6}.Release Server JustAssembly|Any CPU.ActiveCfg = Release|Any CPU
		{99E406D7-5B32-453E-9D46-F56A5EED85B6}.Release Server JustAssembly|Any CPU.Build.0 = Release|Any CPU
		{99E406D7-5B32-453E-9D46-F56A5EED85B6}.Release Server|Any CPU.ActiveCfg = Release|Any CPU
		{99E406D7-5B32-453E-9D46-F56A5EED85B6}.Release Server|Any CPU.Build.0 = Release|Any CPU
		{99E406D7-5B32-453E-9D46-F56A5EED85B6}.Release|Any CPU.ActiveCfg = Release|Any CPU
		{99E406D7-5B32-453E-9D46-F56A5EED85B6}.Release|Any CPU.Build.0 = Release|Any CPU
		{99E406D7-5B32-453E-9D46-F56A5EED85B6}.silverlight_Debug|Any CPU.ActiveCfg = Debug|Any CPU
		{99E406D7-5B32-453E-9D46-F56A5EED85B6}.silverlight_Debug|Any CPU.Build.0 = Debug|Any CPU
		{99E406D7-5B32-453E-9D46-F56A5EED85B6}.silverlight_Release|Any CPU.ActiveCfg = Release|Any CPU
		{99E406D7-5B32-453E-9D46-F56A5EED85B6}.silverlight_Release|Any CPU.Build.0 = Release|Any CPU
		{99E406D7-5B32-453E-9D46-F56A5EED85B6}.Telerik Release Build|Any CPU.ActiveCfg = Release|Any CPU
		{99E406D7-5B32-453E-9D46-F56A5EED85B6}.Telerik Release Build|Any CPU.Build.0 = Release|Any CPU
		{99E406D7-5B32-453E-9D46-F56A5EED85B6}.winphone_Debug|Any CPU.ActiveCfg = Debug|Any CPU
		{99E406D7-5B32-453E-9D46-F56A5EED85B6}.winphone_Debug|Any CPU.Build.0 = Debug|Any CPU
		{99E406D7-5B32-453E-9D46-F56A5EED85B6}.winphone_Release|Any CPU.ActiveCfg = Release|Any CPU
		{99E406D7-5B32-453E-9D46-F56A5EED85B6}.winphone_Release|Any CPU.Build.0 = Release|Any CPU
		{0EF7AB2B-402D-4791-9204-4590DA2E3E7F}..NET 3.5 Debug|Any CPU.ActiveCfg = Debug|Any CPU
		{0EF7AB2B-402D-4791-9204-4590DA2E3E7F}..NET 3.5 Debug|Any CPU.Build.0 = Debug|Any CPU
		{0EF7AB2B-402D-4791-9204-4590DA2E3E7F}..NET 3.5 Release Server EngineOnly|Any CPU.ActiveCfg = Release|Any CPU
		{0EF7AB2B-402D-4791-9204-4590DA2E3E7F}..NET 3.5 Release Server EngineOnly|Any CPU.Build.0 = Release|Any CPU
		{0EF7AB2B-402D-4791-9204-4590DA2E3E7F}.Debug .NET 3.5|Any CPU.ActiveCfg = Debug|Any CPU
		{0EF7AB2B-402D-4791-9204-4590DA2E3E7F}.Debug .NET 3.5|Any CPU.Build.0 = Debug|Any CPU
		{0EF7AB2B-402D-4791-9204-4590DA2E3E7F}.Debug EngineOnly|Any CPU.ActiveCfg = Debug|Any CPU
		{0EF7AB2B-402D-4791-9204-4590DA2E3E7F}.Debug EngineOnly|Any CPU.Build.0 = Debug|Any CPU
		{0EF7AB2B-402D-4791-9204-4590DA2E3E7F}.Debug JustAssembly|Any CPU.ActiveCfg = Debug|Any CPU
		{0EF7AB2B-402D-4791-9204-4590DA2E3E7F}.Debug JustAssembly|Any CPU.Build.0 = Debug|Any CPU
		{0EF7AB2B-402D-4791-9204-4590DA2E3E7F}.Debug|Any CPU.ActiveCfg = Debug|Any CPU
		{0EF7AB2B-402D-4791-9204-4590DA2E3E7F}.Debug|Any CPU.Build.0 = Debug|Any CPU
		{0EF7AB2B-402D-4791-9204-4590DA2E3E7F}.net_2_0_Debug|Any CPU.ActiveCfg = Debug|Any CPU
		{0EF7AB2B-402D-4791-9204-4590DA2E3E7F}.net_2_0_Debug|Any CPU.Build.0 = Debug|Any CPU
		{0EF7AB2B-402D-4791-9204-4590DA2E3E7F}.net_2_0_Release|Any CPU.ActiveCfg = Release|Any CPU
		{0EF7AB2B-402D-4791-9204-4590DA2E3E7F}.net_2_0_Release|Any CPU.Build.0 = Release|Any CPU
		{0EF7AB2B-402D-4791-9204-4590DA2E3E7F}.net_3_5_Debug|Any CPU.ActiveCfg = Debug|Any CPU
		{0EF7AB2B-402D-4791-9204-4590DA2E3E7F}.net_3_5_Debug|Any CPU.Build.0 = Debug|Any CPU
		{0EF7AB2B-402D-4791-9204-4590DA2E3E7F}.net_3_5_Release|Any CPU.ActiveCfg = Release|Any CPU
		{0EF7AB2B-402D-4791-9204-4590DA2E3E7F}.net_3_5_Release|Any CPU.Build.0 = Release|Any CPU
		{0EF7AB2B-402D-4791-9204-4590DA2E3E7F}.net_3_5_ReleaseServer|Any CPU.ActiveCfg = Release|Any CPU
		{0EF7AB2B-402D-4791-9204-4590DA2E3E7F}.net_3_5_ReleaseServer|Any CPU.Build.0 = Release|Any CPU
		{0EF7AB2B-402D-4791-9204-4590DA2E3E7F}.net_4_0_Debug|Any CPU.ActiveCfg = Debug|Any CPU
		{0EF7AB2B-402D-4791-9204-4590DA2E3E7F}.net_4_0_Debug|Any CPU.Build.0 = Debug|Any CPU
		{0EF7AB2B-402D-4791-9204-4590DA2E3E7F}.net_4_0_Release|Any CPU.ActiveCfg = Release|Any CPU
		{0EF7AB2B-402D-4791-9204-4590DA2E3E7F}.net_4_0_Release|Any CPU.Build.0 = Release|Any CPU
		{0EF7AB2B-402D-4791-9204-4590DA2E3E7F}.net_4_5_Debug|Any CPU.ActiveCfg = Debug|Any CPU
		{0EF7AB2B-402D-4791-9204-4590DA2E3E7F}.net_4_5_Debug|Any CPU.Build.0 = Debug|Any CPU
		{0EF7AB2B-402D-4791-9204-4590DA2E3E7F}.net_4_5_Release|Any CPU.ActiveCfg = Release|Any CPU
		{0EF7AB2B-402D-4791-9204-4590DA2E3E7F}.net_4_5_Release|Any CPU.Build.0 = Release|Any CPU
		{0EF7AB2B-402D-4791-9204-4590DA2E3E7F}.NET3.5 Release Server EngineOnly|Any CPU.ActiveCfg = Release|Any CPU
		{0EF7AB2B-402D-4791-9204-4590DA2E3E7F}.NET3.5 Release Server EngineOnly|Any CPU.Build.0 = Release|Any CPU
		{0EF7AB2B-402D-4791-9204-4590DA2E3E7F}.Release EngineOnly|Any CPU.ActiveCfg = Release|Any CPU
		{0EF7AB2B-402D-4791-9204-4590DA2E3E7F}.Release EngineOnly|Any CPU.Build.0 = Release|Any CPU
		{0EF7AB2B-402D-4791-9204-4590DA2E3E7F}.Release JustAssembly|Any CPU.ActiveCfg = Release|Any CPU
		{0EF7AB2B-402D-4791-9204-4590DA2E3E7F}.Release JustAssembly|Any CPU.Build.0 = Release|Any CPU
		{0EF7AB2B-402D-4791-9204-4590DA2E3E7F}.Release Server EngineOnly|Any CPU.ActiveCfg = Release|Any CPU
		{0EF7AB2B-402D-4791-9204-4590DA2E3E7F}.Release Server EngineOnly|Any CPU.Build.0 = Release|Any CPU
		{0EF7AB2B-402D-4791-9204-4590DA2E3E7F}.Release Server JustAssembly|Any CPU.ActiveCfg = Release|Any CPU
		{0EF7AB2B-402D-4791-9204-4590DA2E3E7F}.Release Server JustAssembly|Any CPU.Build.0 = Release|Any CPU
		{0EF7AB2B-402D-4791-9204-4590DA2E3E7F}.Release Server|Any CPU.ActiveCfg = Release|Any CPU
		{0EF7AB2B-402D-4791-9204-4590DA2E3E7F}.Release Server|Any CPU.Build.0 = Release|Any CPU
		{0EF7AB2B-402D-4791-9204-4590DA2E3E7F}.Release|Any CPU.ActiveCfg = Release|Any CPU
		{0EF7AB2B-402D-4791-9204-4590DA2E3E7F}.Release|Any CPU.Build.0 = Release|Any CPU
		{0EF7AB2B-402D-4791-9204-4590DA2E3E7F}.silverlight_Debug|Any CPU.ActiveCfg = Debug|Any CPU
		{0EF7AB2B-402D-4791-9204-4590DA2E3E7F}.silverlight_Debug|Any CPU.Build.0 = Debug|Any CPU
		{0EF7AB2B-402D-4791-9204-4590DA2E3E7F}.silverlight_Release|Any CPU.ActiveCfg = Release|Any CPU
		{0EF7AB2B-402D-4791-9204-4590DA2E3E7F}.silverlight_Release|Any CPU.Build.0 = Release|Any CPU
		{0EF7AB2B-402D-4791-9204-4590DA2E3E7F}.Telerik Release Build|Any CPU.ActiveCfg = Release|Any CPU
		{0EF7AB2B-402D-4791-9204-4590DA2E3E7F}.Telerik Release Build|Any CPU.Build.0 = Release|Any CPU
		{0EF7AB2B-402D-4791-9204-4590DA2E3E7F}.winphone_Debug|Any CPU.ActiveCfg = Debug|Any CPU
		{0EF7AB2B-402D-4791-9204-4590DA2E3E7F}.winphone_Debug|Any CPU.Build.0 = Debug|Any CPU
		{0EF7AB2B-402D-4791-9204-4590DA2E3E7F}.winphone_Release|Any CPU.ActiveCfg = Release|Any CPU
		{0EF7AB2B-402D-4791-9204-4590DA2E3E7F}.winphone_Release|Any CPU.Build.0 = Release|Any CPU
		{8546F49C-03E8-4AB7-8332-48A9FED5E9F8}..NET 3.5 Debug|Any CPU.ActiveCfg = Debug|Any CPU
		{8546F49C-03E8-4AB7-8332-48A9FED5E9F8}..NET 3.5 Debug|Any CPU.Build.0 = Debug|Any CPU
		{8546F49C-03E8-4AB7-8332-48A9FED5E9F8}..NET 3.5 Release Server EngineOnly|Any CPU.ActiveCfg = Release|Any CPU
		{8546F49C-03E8-4AB7-8332-48A9FED5E9F8}..NET 3.5 Release Server EngineOnly|Any CPU.Build.0 = Release|Any CPU
		{8546F49C-03E8-4AB7-8332-48A9FED5E9F8}.Debug .NET 3.5|Any CPU.ActiveCfg = Debug|Any CPU
		{8546F49C-03E8-4AB7-8332-48A9FED5E9F8}.Debug .NET 3.5|Any CPU.Build.0 = Debug|Any CPU
		{8546F49C-03E8-4AB7-8332-48A9FED5E9F8}.Debug EngineOnly|Any CPU.ActiveCfg = Debug|Any CPU
		{8546F49C-03E8-4AB7-8332-48A9FED5E9F8}.Debug EngineOnly|Any CPU.Build.0 = Debug|Any CPU
		{8546F49C-03E8-4AB7-8332-48A9FED5E9F8}.Debug JustAssembly|Any CPU.ActiveCfg = Debug|Any CPU
		{8546F49C-03E8-4AB7-8332-48A9FED5E9F8}.Debug JustAssembly|Any CPU.Build.0 = Debug|Any CPU
		{8546F49C-03E8-4AB7-8332-48A9FED5E9F8}.Debug|Any CPU.ActiveCfg = Debug|Any CPU
		{8546F49C-03E8-4AB7-8332-48A9FED5E9F8}.Debug|Any CPU.Build.0 = Debug|Any CPU
		{8546F49C-03E8-4AB7-8332-48A9FED5E9F8}.net_2_0_Debug|Any CPU.ActiveCfg = Debug|Any CPU
		{8546F49C-03E8-4AB7-8332-48A9FED5E9F8}.net_2_0_Debug|Any CPU.Build.0 = Debug|Any CPU
		{8546F49C-03E8-4AB7-8332-48A9FED5E9F8}.net_2_0_Release|Any CPU.ActiveCfg = Release|Any CPU
		{8546F49C-03E8-4AB7-8332-48A9FED5E9F8}.net_2_0_Release|Any CPU.Build.0 = Release|Any CPU
		{8546F49C-03E8-4AB7-8332-48A9FED5E9F8}.net_3_5_Debug|Any CPU.ActiveCfg = Debug|Any CPU
		{8546F49C-03E8-4AB7-8332-48A9FED5E9F8}.net_3_5_Debug|Any CPU.Build.0 = Debug|Any CPU
		{8546F49C-03E8-4AB7-8332-48A9FED5E9F8}.net_3_5_Release|Any CPU.ActiveCfg = Release|Any CPU
		{8546F49C-03E8-4AB7-8332-48A9FED5E9F8}.net_3_5_Release|Any CPU.Build.0 = Release|Any CPU
		{8546F49C-03E8-4AB7-8332-48A9FED5E9F8}.net_3_5_ReleaseServer|Any CPU.ActiveCfg = Release|Any CPU
		{8546F49C-03E8-4AB7-8332-48A9FED5E9F8}.net_3_5_ReleaseServer|Any CPU.Build.0 = Release|Any CPU
		{8546F49C-03E8-4AB7-8332-48A9FED5E9F8}.net_4_0_Debug|Any CPU.ActiveCfg = Debug|Any CPU
		{8546F49C-03E8-4AB7-8332-48A9FED5E9F8}.net_4_0_Debug|Any CPU.Build.0 = Debug|Any CPU
		{8546F49C-03E8-4AB7-8332-48A9FED5E9F8}.net_4_0_Release|Any CPU.ActiveCfg = Release|Any CPU
		{8546F49C-03E8-4AB7-8332-48A9FED5E9F8}.net_4_0_Release|Any CPU.Build.0 = Release|Any CPU
		{8546F49C-03E8-4AB7-8332-48A9FED5E9F8}.net_4_5_Debug|Any CPU.ActiveCfg = Debug|Any CPU
		{8546F49C-03E8-4AB7-8332-48A9FED5E9F8}.net_4_5_Debug|Any CPU.Build.0 = Debug|Any CPU
		{8546F49C-03E8-4AB7-8332-48A9FED5E9F8}.net_4_5_Release|Any CPU.ActiveCfg = Release|Any CPU
		{8546F49C-03E8-4AB7-8332-48A9FED5E9F8}.net_4_5_Release|Any CPU.Build.0 = Release|Any CPU
		{8546F49C-03E8-4AB7-8332-48A9FED5E9F8}.NET3.5 Release Server EngineOnly|Any CPU.ActiveCfg = Release|Any CPU
		{8546F49C-03E8-4AB7-8332-48A9FED5E9F8}.NET3.5 Release Server EngineOnly|Any CPU.Build.0 = Release|Any CPU
		{8546F49C-03E8-4AB7-8332-48A9FED5E9F8}.Release EngineOnly|Any CPU.ActiveCfg = Release|Any CPU
		{8546F49C-03E8-4AB7-8332-48A9FED5E9F8}.Release EngineOnly|Any CPU.Build.0 = Release|Any CPU
		{8546F49C-03E8-4AB7-8332-48A9FED5E9F8}.Release JustAssembly|Any CPU.ActiveCfg = Release|Any CPU
		{8546F49C-03E8-4AB7-8332-48A9FED5E9F8}.Release JustAssembly|Any CPU.Build.0 = Release|Any CPU
		{8546F49C-03E8-4AB7-8332-48A9FED5E9F8}.Release Server EngineOnly|Any CPU.ActiveCfg = Release|Any CPU
		{8546F49C-03E8-4AB7-8332-48A9FED5E9F8}.Release Server EngineOnly|Any CPU.Build.0 = Release|Any CPU
		{8546F49C-03E8-4AB7-8332-48A9FED5E9F8}.Release Server JustAssembly|Any CPU.ActiveCfg = Release|Any CPU
		{8546F49C-03E8-4AB7-8332-48A9FED5E9F8}.Release Server JustAssembly|Any CPU.Build.0 = Release|Any CPU
		{8546F49C-03E8-4AB7-8332-48A9FED5E9F8}.Release Server|Any CPU.ActiveCfg = Release|Any CPU
		{8546F49C-03E8-4AB7-8332-48A9FED5E9F8}.Release Server|Any CPU.Build.0 = Release|Any CPU
		{8546F49C-03E8-4AB7-8332-48A9FED5E9F8}.Release|Any CPU.ActiveCfg = Release|Any CPU
		{8546F49C-03E8-4AB7-8332-48A9FED5E9F8}.Release|Any CPU.Build.0 = Release|Any CPU
		{8546F49C-03E8-4AB7-8332-48A9FED5E9F8}.silverlight_Debug|Any CPU.ActiveCfg = Debug|Any CPU
		{8546F49C-03E8-4AB7-8332-48A9FED5E9F8}.silverlight_Debug|Any CPU.Build.0 = Debug|Any CPU
		{8546F49C-03E8-4AB7-8332-48A9FED5E9F8}.silverlight_Release|Any CPU.ActiveCfg = Release|Any CPU
		{8546F49C-03E8-4AB7-8332-48A9FED5E9F8}.silverlight_Release|Any CPU.Build.0 = Release|Any CPU
		{8546F49C-03E8-4AB7-8332-48A9FED5E9F8}.Telerik Release Build|Any CPU.ActiveCfg = Release|Any CPU
		{8546F49C-03E8-4AB7-8332-48A9FED5E9F8}.Telerik Release Build|Any CPU.Build.0 = Release|Any CPU
		{8546F49C-03E8-4AB7-8332-48A9FED5E9F8}.winphone_Debug|Any CPU.ActiveCfg = Debug|Any CPU
		{8546F49C-03E8-4AB7-8332-48A9FED5E9F8}.winphone_Debug|Any CPU.Build.0 = Debug|Any CPU
		{8546F49C-03E8-4AB7-8332-48A9FED5E9F8}.winphone_Release|Any CPU.ActiveCfg = Release|Any CPU
		{8546F49C-03E8-4AB7-8332-48A9FED5E9F8}.winphone_Release|Any CPU.Build.0 = Release|Any CPU
	EndGlobalSection
	GlobalSection(SolutionProperties) = preSolution
		HideSolutionNode = FALSE
	EndGlobalSection
	GlobalSection(NestedProjects) = preSolution
		{6A918191-B9EE-4E28-B5EB-BC2BABC0F805} = {ECFCB198-E60A-40B1-B605-0EBD7EA2F3DD}
		{44E02EEA-1DC4-403E-BD85-522E6552B6C4} = {B54A414D-0042-4945-A9B2-D4BA5FD8F13F}
		{5A1575B4-9F48-45D4-A8BD-F91B4203C92F} = {ECFCB198-E60A-40B1-B605-0EBD7EA2F3DD}
		{DF253580-FA21-4196-A90E-6E998A780906} = {ECFCB198-E60A-40B1-B605-0EBD7EA2F3DD}
		{D6F6F559-EBBE-4D13-AFF8-C202FDC01702} = {ECFCB198-E60A-40B1-B605-0EBD7EA2F3DD}
		{965071DC-FF55-4C78-A6A0-95F7726C5361} = {ECFCB198-E60A-40B1-B605-0EBD7EA2F3DD}
		{728712B3-0FA6-4854-947A-4669142160A5} = {ECFCB198-E60A-40B1-B605-0EBD7EA2F3DD}
		{0859F510-763D-4127-BF6B-382ABF3BC8EA} = {ECFCB198-E60A-40B1-B605-0EBD7EA2F3DD}
		{DAD69C74-54EF-44D9-BEE9-2C53259DA44D} = {ECFCB198-E60A-40B1-B605-0EBD7EA2F3DD}
		{99E406D7-5B32-453E-9D46-F56A5EED85B6} = {ECFCB198-E60A-40B1-B605-0EBD7EA2F3DD}
		{0EF7AB2B-402D-4791-9204-4590DA2E3E7F} = {ECFCB198-E60A-40B1-B605-0EBD7EA2F3DD}
		{8546F49C-03E8-4AB7-8332-48A9FED5E9F8} = {ECFCB198-E60A-40B1-B605-0EBD7EA2F3DD}
	EndGlobalSection
	GlobalSection(ExtensibilityGlobals) = postSolution
		SolutionGuid = {BB4D5221-7F56-45A4-8A1D-EFD2283D5679}
	EndGlobalSection
EndGlobal
